// !$*UTF8*$!
{
	archiveVersion = 1;
	classes = {
	};
	objectVersion = 56;
	objects = {

/* Begin PBXBuildFile section */
		620470762BA7852700A529F5 /* MoviesPaginatedEntity.swift in Sources */ = {isa = PBXBuildFile; fileRef = 620470752BA7852700A529F5 /* MoviesPaginatedEntity.swift */; };
		620470782BA7855000A529F5 /* MovieEntity.swift in Sources */ = {isa = PBXBuildFile; fileRef = 620470772BA7855000A529F5 /* MovieEntity.swift */; };
		6204707B2BA7858F00A529F5 /* BaseViewController.swift in Sources */ = {isa = PBXBuildFile; fileRef = 6204707A2BA7858F00A529F5 /* BaseViewController.swift */; };
		6204707D2BA785FC00A529F5 /* EmptyStateView.swift in Sources */ = {isa = PBXBuildFile; fileRef = 6204707C2BA785FC00A529F5 /* EmptyStateView.swift */; };
		620470912BA7874F00A529F5 /* UpcomingMoviesViewModel.swift in Sources */ = {isa = PBXBuildFile; fileRef = 620470802BA7874E00A529F5 /* UpcomingMoviesViewModel.swift */; };
		620470922BA7874F00A529F5 /* UpcomingMovieTableViewCell.xib in Resources */ = {isa = PBXBuildFile; fileRef = 620470822BA7874E00A529F5 /* UpcomingMovieTableViewCell.xib */; };
		620470932BA7874F00A529F5 /* UpcomingMovieTableViewCell.swift in Sources */ = {isa = PBXBuildFile; fileRef = 620470832BA7874E00A529F5 /* UpcomingMovieTableViewCell.swift */; };
		620470942BA7874F00A529F5 /* UpcomingMoviesViewController+TV.swift in Sources */ = {isa = PBXBuildFile; fileRef = 620470852BA7874E00A529F5 /* UpcomingMoviesViewController+TV.swift */; };
		620470952BA7874F00A529F5 /* UpcomingMoviesViewController.xib in Resources */ = {isa = PBXBuildFile; fileRef = 620470862BA7874E00A529F5 /* UpcomingMoviesViewController.xib */; };
		620470962BA7874F00A529F5 /* UpcomingMoviesViewController+UI.swift in Sources */ = {isa = PBXBuildFile; fileRef = 620470872BA7874E00A529F5 /* UpcomingMoviesViewController+UI.swift */; };
		620470972BA7874F00A529F5 /* UpcomingMoviesViewController.swift in Sources */ = {isa = PBXBuildFile; fileRef = 620470882BA7874E00A529F5 /* UpcomingMoviesViewController.swift */; };
		620470982BA7874F00A529F5 /* FetchUpcomingMoviesUseCase.swift in Sources */ = {isa = PBXBuildFile; fileRef = 6204708A2BA7874F00A529F5 /* FetchUpcomingMoviesUseCase.swift */; };
		620470992BA7874F00A529F5 /* UpcomingMapper.swift in Sources */ = {isa = PBXBuildFile; fileRef = 6204708B2BA7874F00A529F5 /* UpcomingMapper.swift */; };
		6204709A2BA7874F00A529F5 /* UpcomingMovie.swift in Sources */ = {isa = PBXBuildFile; fileRef = 6204708D2BA7874F00A529F5 /* UpcomingMovie.swift */; };
		6204709B2BA7874F00A529F5 /* UpcomingMoviesPaginatedModel.swift in Sources */ = {isa = PBXBuildFile; fileRef = 6204708E2BA7874F00A529F5 /* UpcomingMoviesPaginatedModel.swift */; };
		6204709C2BA7874F00A529F5 /* UpcomingMoviesRepo.swift in Sources */ = {isa = PBXBuildFile; fileRef = 620470902BA7874F00A529F5 /* UpcomingMoviesRepo.swift */; };
		6204709F2BA7895800A529F5 /* SharedImageCache.swift in Sources */ = {isa = PBXBuildFile; fileRef = 6204709E2BA7895800A529F5 /* SharedImageCache.swift */; };
		620470A72BA78F1600A529F5 /* UpcomingMoviesViewModelTests.swift in Sources */ = {isa = PBXBuildFile; fileRef = 620470A62BA78F1600A529F5 /* UpcomingMoviesViewModelTests.swift */; };
		620470A92BA78FB500A529F5 /* MockUpcomingMovieRepoSuccess.swift in Sources */ = {isa = PBXBuildFile; fileRef = 620470A82BA78FB500A529F5 /* MockUpcomingMovieRepoSuccess.swift */; };
		620470AB2BA7908F00A529F5 /* UpcomingPaginatedMockData.json in Resources */ = {isa = PBXBuildFile; fileRef = 620470AA2BA7908F00A529F5 /* UpcomingPaginatedMockData.json */; };
		620470AF2BA798E900A529F5 /* MockUpcomingMovieRepoError.swift in Sources */ = {isa = PBXBuildFile; fileRef = 620470AE2BA798E900A529F5 /* MockUpcomingMovieRepoError.swift */; };
		620470B12BA79C5B00A529F5 /* UpcomingMoviesViewControllerTests.swift in Sources */ = {isa = PBXBuildFile; fileRef = 620470B02BA79C5B00A529F5 /* UpcomingMoviesViewControllerTests.swift */; };
		62069FA62BA6B07D0094C90B /* RequestManager.swift in Sources */ = {isa = PBXBuildFile; fileRef = 62069FA52BA6B07D0094C90B /* RequestManager.swift */; };
		62069FA82BA6B0910094C90B /* APIManager.swift in Sources */ = {isa = PBXBuildFile; fileRef = 62069FA72BA6B0910094C90B /* APIManager.swift */; };
		62069FAA2BA6B0AE0094C90B /* NetworkRechability.swift in Sources */ = {isa = PBXBuildFile; fileRef = 62069FA92BA6B0AE0094C90B /* NetworkRechability.swift */; };
		62069FAC2BA6B0DE0094C90B /* RequestProtocol.swift in Sources */ = {isa = PBXBuildFile; fileRef = 62069FAB2BA6B0DE0094C90B /* RequestProtocol.swift */; };
		62069FAE2BA6B0ED0094C90B /* RequestType.swift in Sources */ = {isa = PBXBuildFile; fileRef = 62069FAD2BA6B0ED0094C90B /* RequestType.swift */; };
		62069FB02BA6B12D0094C90B /* APIConstants.swift in Sources */ = {isa = PBXBuildFile; fileRef = 62069FAF2BA6B12D0094C90B /* APIConstants.swift */; };
		62069FB22BA6B1540094C90B /* DataParser.swift in Sources */ = {isa = PBXBuildFile; fileRef = 62069FB12BA6B1540094C90B /* DataParser.swift */; };
		62069FB42BA6B1650094C90B /* NetworkError.swift in Sources */ = {isa = PBXBuildFile; fileRef = 62069FB32BA6B1650094C90B /* NetworkError.swift */; };
		62069FB62BA6B1A80094C90B /* APIsPaths.swift in Sources */ = {isa = PBXBuildFile; fileRef = 62069FB52BA6B1A80094C90B /* APIsPaths.swift */; };
		62069FB82BA6B1CC0094C90B /* MovieRequests.swift in Sources */ = {isa = PBXBuildFile; fileRef = 62069FB72BA6B1CC0094C90B /* MovieRequests.swift */; };
		627044202BA6D63800FE92E7 /* NowPlayingCoordinator.swift in Sources */ = {isa = PBXBuildFile; fileRef = 6270441F2BA6D63800FE92E7 /* NowPlayingCoordinator.swift */; };
		627044222BA6D64D00FE92E7 /* UpcomingCoordinator.swift in Sources */ = {isa = PBXBuildFile; fileRef = 627044212BA6D64D00FE92E7 /* UpcomingCoordinator.swift */; };
		627044242BA6D66600FE92E7 /* PopularCoordinator.swift in Sources */ = {isa = PBXBuildFile; fileRef = 627044232BA6D66600FE92E7 /* PopularCoordinator.swift */; };
		62F9F6072BA5DAFC00E0C3F3 /* AppDelegate.swift in Sources */ = {isa = PBXBuildFile; fileRef = 62F9F6062BA5DAFC00E0C3F3 /* AppDelegate.swift */; };
		62F9F6092BA5DAFC00E0C3F3 /* SceneDelegate.swift in Sources */ = {isa = PBXBuildFile; fileRef = 62F9F6082BA5DAFC00E0C3F3 /* SceneDelegate.swift */; };
		62F9F6102BA5DAFF00E0C3F3 /* Assets.xcassets in Resources */ = {isa = PBXBuildFile; fileRef = 62F9F60F2BA5DAFF00E0C3F3 /* Assets.xcassets */; };
		62F9F6132BA5DAFF00E0C3F3 /* LaunchScreen.storyboard in Resources */ = {isa = PBXBuildFile; fileRef = 62F9F6112BA5DAFF00E0C3F3 /* LaunchScreen.storyboard */; };
		62F9F6282BA5DAFF00E0C3F3 /* BMCinemaUITests.swift in Sources */ = {isa = PBXBuildFile; fileRef = 62F9F6272BA5DAFF00E0C3F3 /* BMCinemaUITests.swift */; };
		62F9F62A2BA5DAFF00E0C3F3 /* BMCinemaUITestsLaunchTests.swift in Sources */ = {isa = PBXBuildFile; fileRef = 62F9F6292BA5DAFF00E0C3F3 /* BMCinemaUITestsLaunchTests.swift */; };
		62F9F63A2BA5DB5900E0C3F3 /* AppConstants.swift in Sources */ = {isa = PBXBuildFile; fileRef = 62F9F6392BA5DB5900E0C3F3 /* AppConstants.swift */; };
		62F9F63F2BA5DB8C00E0C3F3 /* AppCoordinator.swift in Sources */ = {isa = PBXBuildFile; fileRef = 62F9F63E2BA5DB8C00E0C3F3 /* AppCoordinator.swift */; };
/* End PBXBuildFile section */

/* Begin PBXContainerItemProxy section */
		62F9F61A2BA5DAFF00E0C3F3 /* PBXContainerItemProxy */ = {
			isa = PBXContainerItemProxy;
			containerPortal = 62F9F5FB2BA5DAFC00E0C3F3 /* Project object */;
			proxyType = 1;
			remoteGlobalIDString = 62F9F6022BA5DAFC00E0C3F3;
			remoteInfo = BMCinema;
		};
		62F9F6242BA5DAFF00E0C3F3 /* PBXContainerItemProxy */ = {
			isa = PBXContainerItemProxy;
			containerPortal = 62F9F5FB2BA5DAFC00E0C3F3 /* Project object */;
			proxyType = 1;
			remoteGlobalIDString = 62F9F6022BA5DAFC00E0C3F3;
			remoteInfo = BMCinema;
		};
/* End PBXContainerItemProxy section */

/* Begin PBXFileReference section */
		620470752BA7852700A529F5 /* MoviesPaginatedEntity.swift */ = {isa = PBXFileReference; lastKnownFileType = sourcecode.swift; path = MoviesPaginatedEntity.swift; sourceTree = "<group>"; };
		620470772BA7855000A529F5 /* MovieEntity.swift */ = {isa = PBXFileReference; lastKnownFileType = sourcecode.swift; path = MovieEntity.swift; sourceTree = "<group>"; };
		6204707A2BA7858F00A529F5 /* BaseViewController.swift */ = {isa = PBXFileReference; lastKnownFileType = sourcecode.swift; path = BaseViewController.swift; sourceTree = "<group>"; };
		6204707C2BA785FC00A529F5 /* EmptyStateView.swift */ = {isa = PBXFileReference; lastKnownFileType = sourcecode.swift; path = EmptyStateView.swift; sourceTree = "<group>"; };
		620470802BA7874E00A529F5 /* UpcomingMoviesViewModel.swift */ = {isa = PBXFileReference; fileEncoding = 4; lastKnownFileType = sourcecode.swift; path = UpcomingMoviesViewModel.swift; sourceTree = "<group>"; };
		620470822BA7874E00A529F5 /* UpcomingMovieTableViewCell.xib */ = {isa = PBXFileReference; fileEncoding = 4; lastKnownFileType = file.xib; path = UpcomingMovieTableViewCell.xib; sourceTree = "<group>"; };
		620470832BA7874E00A529F5 /* UpcomingMovieTableViewCell.swift */ = {isa = PBXFileReference; fileEncoding = 4; lastKnownFileType = sourcecode.swift; path = UpcomingMovieTableViewCell.swift; sourceTree = "<group>"; };
		620470852BA7874E00A529F5 /* UpcomingMoviesViewController+TV.swift */ = {isa = PBXFileReference; fileEncoding = 4; lastKnownFileType = sourcecode.swift; path = "UpcomingMoviesViewController+TV.swift"; sourceTree = "<group>"; };
		620470862BA7874E00A529F5 /* UpcomingMoviesViewController.xib */ = {isa = PBXFileReference; fileEncoding = 4; lastKnownFileType = file.xib; path = UpcomingMoviesViewController.xib; sourceTree = "<group>"; };
		620470872BA7874E00A529F5 /* UpcomingMoviesViewController+UI.swift */ = {isa = PBXFileReference; fileEncoding = 4; lastKnownFileType = sourcecode.swift; path = "UpcomingMoviesViewController+UI.swift"; sourceTree = "<group>"; };
		620470882BA7874E00A529F5 /* UpcomingMoviesViewController.swift */ = {isa = PBXFileReference; fileEncoding = 4; lastKnownFileType = sourcecode.swift; path = UpcomingMoviesViewController.swift; sourceTree = "<group>"; };
		6204708A2BA7874F00A529F5 /* FetchUpcomingMoviesUseCase.swift */ = {isa = PBXFileReference; fileEncoding = 4; lastKnownFileType = sourcecode.swift; path = FetchUpcomingMoviesUseCase.swift; sourceTree = "<group>"; };
		6204708B2BA7874F00A529F5 /* UpcomingMapper.swift */ = {isa = PBXFileReference; fileEncoding = 4; lastKnownFileType = sourcecode.swift; path = UpcomingMapper.swift; sourceTree = "<group>"; };
		6204708D2BA7874F00A529F5 /* UpcomingMovie.swift */ = {isa = PBXFileReference; fileEncoding = 4; lastKnownFileType = sourcecode.swift; path = UpcomingMovie.swift; sourceTree = "<group>"; };
		6204708E2BA7874F00A529F5 /* UpcomingMoviesPaginatedModel.swift */ = {isa = PBXFileReference; fileEncoding = 4; lastKnownFileType = sourcecode.swift; path = UpcomingMoviesPaginatedModel.swift; sourceTree = "<group>"; };
		620470902BA7874F00A529F5 /* UpcomingMoviesRepo.swift */ = {isa = PBXFileReference; fileEncoding = 4; lastKnownFileType = sourcecode.swift; path = UpcomingMoviesRepo.swift; sourceTree = "<group>"; };
		6204709E2BA7895800A529F5 /* SharedImageCache.swift */ = {isa = PBXFileReference; lastKnownFileType = sourcecode.swift; path = SharedImageCache.swift; sourceTree = "<group>"; };
		620470A62BA78F1600A529F5 /* UpcomingMoviesViewModelTests.swift */ = {isa = PBXFileReference; lastKnownFileType = sourcecode.swift; path = UpcomingMoviesViewModelTests.swift; sourceTree = "<group>"; };
		620470A82BA78FB500A529F5 /* MockUpcomingMovieRepoSuccess.swift */ = {isa = PBXFileReference; lastKnownFileType = sourcecode.swift; path = MockUpcomingMovieRepoSuccess.swift; sourceTree = "<group>"; };
		620470AA2BA7908F00A529F5 /* UpcomingPaginatedMockData.json */ = {isa = PBXFileReference; lastKnownFileType = text.json; path = UpcomingPaginatedMockData.json; sourceTree = "<group>"; };
		620470AE2BA798E900A529F5 /* MockUpcomingMovieRepoError.swift */ = {isa = PBXFileReference; lastKnownFileType = sourcecode.swift; path = MockUpcomingMovieRepoError.swift; sourceTree = "<group>"; };
		620470B02BA79C5B00A529F5 /* UpcomingMoviesViewControllerTests.swift */ = {isa = PBXFileReference; lastKnownFileType = sourcecode.swift; path = UpcomingMoviesViewControllerTests.swift; sourceTree = "<group>"; };
		62069FA52BA6B07D0094C90B /* RequestManager.swift */ = {isa = PBXFileReference; lastKnownFileType = sourcecode.swift; path = RequestManager.swift; sourceTree = "<group>"; };
		62069FA72BA6B0910094C90B /* APIManager.swift */ = {isa = PBXFileReference; lastKnownFileType = sourcecode.swift; path = APIManager.swift; sourceTree = "<group>"; };
		62069FA92BA6B0AE0094C90B /* NetworkRechability.swift */ = {isa = PBXFileReference; lastKnownFileType = sourcecode.swift; path = NetworkRechability.swift; sourceTree = "<group>"; };
		62069FAB2BA6B0DE0094C90B /* RequestProtocol.swift */ = {isa = PBXFileReference; lastKnownFileType = sourcecode.swift; path = RequestProtocol.swift; sourceTree = "<group>"; };
		62069FAD2BA6B0ED0094C90B /* RequestType.swift */ = {isa = PBXFileReference; lastKnownFileType = sourcecode.swift; path = RequestType.swift; sourceTree = "<group>"; };
		62069FAF2BA6B12D0094C90B /* APIConstants.swift */ = {isa = PBXFileReference; lastKnownFileType = sourcecode.swift; path = APIConstants.swift; sourceTree = "<group>"; };
		62069FB12BA6B1540094C90B /* DataParser.swift */ = {isa = PBXFileReference; lastKnownFileType = sourcecode.swift; path = DataParser.swift; sourceTree = "<group>"; };
		62069FB32BA6B1650094C90B /* NetworkError.swift */ = {isa = PBXFileReference; lastKnownFileType = sourcecode.swift; path = NetworkError.swift; sourceTree = "<group>"; };
		62069FB52BA6B1A80094C90B /* APIsPaths.swift */ = {isa = PBXFileReference; lastKnownFileType = sourcecode.swift; path = APIsPaths.swift; sourceTree = "<group>"; };
		62069FB72BA6B1CC0094C90B /* MovieRequests.swift */ = {isa = PBXFileReference; lastKnownFileType = sourcecode.swift; path = MovieRequests.swift; sourceTree = "<group>"; };
		6270441F2BA6D63800FE92E7 /* NowPlayingCoordinator.swift */ = {isa = PBXFileReference; lastKnownFileType = sourcecode.swift; path = NowPlayingCoordinator.swift; sourceTree = "<group>"; };
		627044212BA6D64D00FE92E7 /* UpcomingCoordinator.swift */ = {isa = PBXFileReference; lastKnownFileType = sourcecode.swift; path = UpcomingCoordinator.swift; sourceTree = "<group>"; };
		627044232BA6D66600FE92E7 /* PopularCoordinator.swift */ = {isa = PBXFileReference; lastKnownFileType = sourcecode.swift; path = PopularCoordinator.swift; sourceTree = "<group>"; };
		62F9F6032BA5DAFC00E0C3F3 /* BMCinema.app */ = {isa = PBXFileReference; explicitFileType = wrapper.application; includeInIndex = 0; path = BMCinema.app; sourceTree = BUILT_PRODUCTS_DIR; };
		62F9F6062BA5DAFC00E0C3F3 /* AppDelegate.swift */ = {isa = PBXFileReference; lastKnownFileType = sourcecode.swift; path = AppDelegate.swift; sourceTree = "<group>"; };
		62F9F6082BA5DAFC00E0C3F3 /* SceneDelegate.swift */ = {isa = PBXFileReference; lastKnownFileType = sourcecode.swift; path = SceneDelegate.swift; sourceTree = "<group>"; };
		62F9F60F2BA5DAFF00E0C3F3 /* Assets.xcassets */ = {isa = PBXFileReference; lastKnownFileType = folder.assetcatalog; path = Assets.xcassets; sourceTree = "<group>"; };
		62F9F6122BA5DAFF00E0C3F3 /* Base */ = {isa = PBXFileReference; lastKnownFileType = file.storyboard; name = Base; path = Base.lproj/LaunchScreen.storyboard; sourceTree = "<group>"; };
		62F9F6142BA5DAFF00E0C3F3 /* Info.plist */ = {isa = PBXFileReference; lastKnownFileType = text.plist.xml; path = Info.plist; sourceTree = "<group>"; };
		62F9F6192BA5DAFF00E0C3F3 /* BMCinemaTests.xctest */ = {isa = PBXFileReference; explicitFileType = wrapper.cfbundle; includeInIndex = 0; path = BMCinemaTests.xctest; sourceTree = BUILT_PRODUCTS_DIR; };
		62F9F6232BA5DAFF00E0C3F3 /* BMCinemaUITests.xctest */ = {isa = PBXFileReference; explicitFileType = wrapper.cfbundle; includeInIndex = 0; path = BMCinemaUITests.xctest; sourceTree = BUILT_PRODUCTS_DIR; };
		62F9F6272BA5DAFF00E0C3F3 /* BMCinemaUITests.swift */ = {isa = PBXFileReference; lastKnownFileType = sourcecode.swift; path = BMCinemaUITests.swift; sourceTree = "<group>"; };
		62F9F6292BA5DAFF00E0C3F3 /* BMCinemaUITestsLaunchTests.swift */ = {isa = PBXFileReference; lastKnownFileType = sourcecode.swift; path = BMCinemaUITestsLaunchTests.swift; sourceTree = "<group>"; };
		62F9F6392BA5DB5900E0C3F3 /* AppConstants.swift */ = {isa = PBXFileReference; lastKnownFileType = sourcecode.swift; path = AppConstants.swift; sourceTree = "<group>"; };
		62F9F63E2BA5DB8C00E0C3F3 /* AppCoordinator.swift */ = {isa = PBXFileReference; lastKnownFileType = sourcecode.swift; path = AppCoordinator.swift; sourceTree = "<group>"; };
/* End PBXFileReference section */

/* Begin PBXFrameworksBuildPhase section */
		62F9F6002BA5DAFC00E0C3F3 /* Frameworks */ = {
			isa = PBXFrameworksBuildPhase;
			buildActionMask = 2147483647;
			files = (
			);
			runOnlyForDeploymentPostprocessing = 0;
		};
		62F9F6162BA5DAFF00E0C3F3 /* Frameworks */ = {
			isa = PBXFrameworksBuildPhase;
			buildActionMask = 2147483647;
			files = (
			);
			runOnlyForDeploymentPostprocessing = 0;
		};
		62F9F6202BA5DAFF00E0C3F3 /* Frameworks */ = {
			isa = PBXFrameworksBuildPhase;
			buildActionMask = 2147483647;
			files = (
			);
			runOnlyForDeploymentPostprocessing = 0;
		};
/* End PBXFrameworksBuildPhase section */

/* Begin PBXGroup section */
		620470792BA7857A00A529F5 /* Shared Views */ = {
			isa = PBXGroup;
			children = (
				6204707A2BA7858F00A529F5 /* BaseViewController.swift */,
				6204707C2BA785FC00A529F5 /* EmptyStateView.swift */,
			);
			path = "Shared Views";
			sourceTree = "<group>";
		};
		6204707F2BA7874E00A529F5 /* Presentation */ = {
			isa = PBXGroup;
			children = (
				620470802BA7874E00A529F5 /* UpcomingMoviesViewModel.swift */,
				620470812BA7874E00A529F5 /* CustomViews */,
				620470842BA7874E00A529F5 /* View */,
			);
			path = Presentation;
			sourceTree = "<group>";
		};
		620470812BA7874E00A529F5 /* CustomViews */ = {
			isa = PBXGroup;
			children = (
				620470822BA7874E00A529F5 /* UpcomingMovieTableViewCell.xib */,
				620470832BA7874E00A529F5 /* UpcomingMovieTableViewCell.swift */,
			);
			path = CustomViews;
			sourceTree = "<group>";
		};
		620470842BA7874E00A529F5 /* View */ = {
			isa = PBXGroup;
			children = (
				620470882BA7874E00A529F5 /* UpcomingMoviesViewController.swift */,
				620470872BA7874E00A529F5 /* UpcomingMoviesViewController+UI.swift */,
				620470852BA7874E00A529F5 /* UpcomingMoviesViewController+TV.swift */,
				620470862BA7874E00A529F5 /* UpcomingMoviesViewController.xib */,
			);
			path = View;
			sourceTree = "<group>";
		};
		620470892BA7874F00A529F5 /* Domain */ = {
			isa = PBXGroup;
			children = (
				6204708A2BA7874F00A529F5 /* FetchUpcomingMoviesUseCase.swift */,
				6204708B2BA7874F00A529F5 /* UpcomingMapper.swift */,
				6204708C2BA7874F00A529F5 /* Models */,
			);
			path = Domain;
			sourceTree = "<group>";
		};
		6204708C2BA7874F00A529F5 /* Models */ = {
			isa = PBXGroup;
			children = (
				6204708D2BA7874F00A529F5 /* UpcomingMovie.swift */,
				6204708E2BA7874F00A529F5 /* UpcomingMoviesPaginatedModel.swift */,
			);
			path = Models;
			sourceTree = "<group>";
		};
		6204708F2BA7874F00A529F5 /* Data */ = {
			isa = PBXGroup;
			children = (
				620470902BA7874F00A529F5 /* UpcomingMoviesRepo.swift */,
			);
			path = Data;
			sourceTree = "<group>";
		};
		6204709D2BA7894200A529F5 /* Cache */ = {
			isa = PBXGroup;
			children = (
				6204709E2BA7895800A529F5 /* SharedImageCache.swift */,
			);
			path = Cache;
			sourceTree = "<group>";
		};
		620470A02BA78C7200A529F5 /* Upcoming */ = {
			isa = PBXGroup;
			children = (
				6204707F2BA7874E00A529F5 /* Presentation */,
				620470892BA7874F00A529F5 /* Domain */,
				6204708F2BA7874F00A529F5 /* Data */,
			);
			path = Upcoming;
			sourceTree = "<group>";
		};
		620470A12BA78E6200A529F5 /* UpcomingFeatureTests */ = {
			isa = PBXGroup;
			children = (
				620470A62BA78F1600A529F5 /* UpcomingMoviesViewModelTests.swift */,
				620470B02BA79C5B00A529F5 /* UpcomingMoviesViewControllerTests.swift */,
				620470A22BA78E7700A529F5 /* Mocks */,
			);
			path = UpcomingFeatureTests;
			sourceTree = "<group>";
		};
		620470A22BA78E7700A529F5 /* Mocks */ = {
			isa = PBXGroup;
			children = (
				620470A82BA78FB500A529F5 /* MockUpcomingMovieRepoSuccess.swift */,
				620470AA2BA7908F00A529F5 /* UpcomingPaginatedMockData.json */,
				620470AE2BA798E900A529F5 /* MockUpcomingMovieRepoError.swift */,
			);
			path = Mocks;
			sourceTree = "<group>";
		};
		62069F9C2BA6AFA90094C90B /* AppDelegate */ = {
			isa = PBXGroup;
			children = (
				62F9F6062BA5DAFC00E0C3F3 /* AppDelegate.swift */,
				62F9F6082BA5DAFC00E0C3F3 /* SceneDelegate.swift */,
			);
			path = AppDelegate;
			sourceTree = "<group>";
		};
		62069F9D2BA6AFC80094C90B /* Coordinators */ = {
			isa = PBXGroup;
			children = (
				62F9F63E2BA5DB8C00E0C3F3 /* AppCoordinator.swift */,
				6270441F2BA6D63800FE92E7 /* NowPlayingCoordinator.swift */,
				627044232BA6D66600FE92E7 /* PopularCoordinator.swift */,
				627044212BA6D64D00FE92E7 /* UpcomingCoordinator.swift */,
			);
			path = Coordinators;
			sourceTree = "<group>";
		};
		62069F9E2BA6AFDE0094C90B /* Network */ = {
			isa = PBXGroup;
			children = (
				62069FAF2BA6B12D0094C90B /* APIConstants.swift */,
				62069F9F2BA6B0270094C90B /* Network Manager */,
				62069FA02BA6B0300094C90B /* Requests */,
				62069FA12BA6B03D0094C90B /* Common Entities */,
			);
			path = Network;
			sourceTree = "<group>";
		};
		62069F9F2BA6B0270094C90B /* Network Manager */ = {
			isa = PBXGroup;
			children = (
				62069FA22BA6B0550094C90B /* Managers */,
				62069FA42BA6B05D0094C90B /* Request */,
				62069FA32BA6B0590094C90B /* Response */,
			);
			path = "Network Manager";
			sourceTree = "<group>";
		};
		62069FA02BA6B0300094C90B /* Requests */ = {
			isa = PBXGroup;
			children = (
				62069FB52BA6B1A80094C90B /* APIsPaths.swift */,
				62069FB72BA6B1CC0094C90B /* MovieRequests.swift */,
			);
			path = Requests;
			sourceTree = "<group>";
		};
		62069FA12BA6B03D0094C90B /* Common Entities */ = {
			isa = PBXGroup;
			children = (
				620470752BA7852700A529F5 /* MoviesPaginatedEntity.swift */,
				620470772BA7855000A529F5 /* MovieEntity.swift */,
			);
			path = "Common Entities";
			sourceTree = "<group>";
		};
		62069FA22BA6B0550094C90B /* Managers */ = {
			isa = PBXGroup;
			children = (
				62069FA52BA6B07D0094C90B /* RequestManager.swift */,
				62069FA72BA6B0910094C90B /* APIManager.swift */,
				62069FA92BA6B0AE0094C90B /* NetworkRechability.swift */,
			);
			path = Managers;
			sourceTree = "<group>";
		};
		62069FA32BA6B0590094C90B /* Response */ = {
			isa = PBXGroup;
			children = (
				62069FB12BA6B1540094C90B /* DataParser.swift */,
				62069FB32BA6B1650094C90B /* NetworkError.swift */,
			);
			path = Response;
			sourceTree = "<group>";
		};
		62069FA42BA6B05D0094C90B /* Request */ = {
			isa = PBXGroup;
			children = (
				62069FAB2BA6B0DE0094C90B /* RequestProtocol.swift */,
				62069FAD2BA6B0ED0094C90B /* RequestType.swift */,
			);
			path = Request;
			sourceTree = "<group>";
		};
		62F9F5FA2BA5DAFC00E0C3F3 = {
			isa = PBXGroup;
			children = (
				62F9F6052BA5DAFC00E0C3F3 /* BMCinema */,
				62F9F61C2BA5DAFF00E0C3F3 /* BMCinemaTests */,
				62F9F6262BA5DAFF00E0C3F3 /* BMCinemaUITests */,
				62F9F6042BA5DAFC00E0C3F3 /* Products */,
			);
			sourceTree = "<group>";
		};
		62F9F6042BA5DAFC00E0C3F3 /* Products */ = {
			isa = PBXGroup;
			children = (
				62F9F6032BA5DAFC00E0C3F3 /* BMCinema.app */,
				62F9F6192BA5DAFF00E0C3F3 /* BMCinemaTests.xctest */,
				62F9F6232BA5DAFF00E0C3F3 /* BMCinemaUITests.xctest */,
			);
			name = Products;
			sourceTree = "<group>";
		};
		62F9F6052BA5DAFC00E0C3F3 /* BMCinema */ = {
			isa = PBXGroup;
			children = (
				62F9F6372BA5DB3F00E0C3F3 /* Features */,
				62F9F6382BA5DB4600E0C3F3 /* Shared */,
				62069F9E2BA6AFDE0094C90B /* Network */,
				62F9F6362BA5DB1200E0C3F3 /* Resources */,
			);
			path = BMCinema;
			sourceTree = "<group>";
		};
		62F9F61C2BA5DAFF00E0C3F3 /* BMCinemaTests */ = {
			isa = PBXGroup;
			children = (
				620470A12BA78E6200A529F5 /* UpcomingFeatureTests */,
			);
			path = BMCinemaTests;
			sourceTree = "<group>";
		};
		62F9F6262BA5DAFF00E0C3F3 /* BMCinemaUITests */ = {
			isa = PBXGroup;
			children = (
				62F9F6272BA5DAFF00E0C3F3 /* BMCinemaUITests.swift */,
				62F9F6292BA5DAFF00E0C3F3 /* BMCinemaUITestsLaunchTests.swift */,
			);
			path = BMCinemaUITests;
			sourceTree = "<group>";
		};
		62F9F6362BA5DB1200E0C3F3 /* Resources */ = {
			isa = PBXGroup;
			children = (
				62069F9C2BA6AFA90094C90B /* AppDelegate */,
				62F9F60F2BA5DAFF00E0C3F3 /* Assets.xcassets */,
				62F9F6112BA5DAFF00E0C3F3 /* LaunchScreen.storyboard */,
				62F9F6142BA5DAFF00E0C3F3 /* Info.plist */,
			);
			path = Resources;
			sourceTree = "<group>";
		};
		62F9F6372BA5DB3F00E0C3F3 /* Features */ = {
			isa = PBXGroup;
			children = (
				620470A02BA78C7200A529F5 /* Upcoming */,
			);
			path = Features;
			sourceTree = "<group>";
		};
		62F9F6382BA5DB4600E0C3F3 /* Shared */ = {
			isa = PBXGroup;
			children = (
				62F9F6392BA5DB5900E0C3F3 /* AppConstants.swift */,
				62069F9D2BA6AFC80094C90B /* Coordinators */,
				62F9F63B2BA5DB6600E0C3F3 /* Presentation */,
			);
			path = Shared;
			sourceTree = "<group>";
		};
		62F9F63B2BA5DB6600E0C3F3 /* Presentation */ = {
			isa = PBXGroup;
			children = (
				620470792BA7857A00A529F5 /* Shared Views */,
				6204709D2BA7894200A529F5 /* Cache */,
			);
			path = Presentation;
			sourceTree = "<group>";
		};
/* End PBXGroup section */

/* Begin PBXNativeTarget section */
		62F9F6022BA5DAFC00E0C3F3 /* BMCinema */ = {
			isa = PBXNativeTarget;
			buildConfigurationList = 62F9F62D2BA5DAFF00E0C3F3 /* Build configuration list for PBXNativeTarget "BMCinema" */;
			buildPhases = (
				62F9F5FF2BA5DAFC00E0C3F3 /* Sources */,
				62F9F6002BA5DAFC00E0C3F3 /* Frameworks */,
				62F9F6012BA5DAFC00E0C3F3 /* Resources */,
			);
			buildRules = (
			);
			dependencies = (
			);
			name = BMCinema;
			productName = BMCinema;
			productReference = 62F9F6032BA5DAFC00E0C3F3 /* BMCinema.app */;
			productType = "com.apple.product-type.application";
		};
		62F9F6182BA5DAFF00E0C3F3 /* BMCinemaTests */ = {
			isa = PBXNativeTarget;
			buildConfigurationList = 62F9F6302BA5DAFF00E0C3F3 /* Build configuration list for PBXNativeTarget "BMCinemaTests" */;
			buildPhases = (
				62F9F6152BA5DAFF00E0C3F3 /* Sources */,
				62F9F6162BA5DAFF00E0C3F3 /* Frameworks */,
				62F9F6172BA5DAFF00E0C3F3 /* Resources */,
			);
			buildRules = (
			);
			dependencies = (
				62F9F61B2BA5DAFF00E0C3F3 /* PBXTargetDependency */,
			);
			name = BMCinemaTests;
			productName = BMCinemaTests;
			productReference = 62F9F6192BA5DAFF00E0C3F3 /* BMCinemaTests.xctest */;
			productType = "com.apple.product-type.bundle.unit-test";
		};
		62F9F6222BA5DAFF00E0C3F3 /* BMCinemaUITests */ = {
			isa = PBXNativeTarget;
			buildConfigurationList = 62F9F6332BA5DAFF00E0C3F3 /* Build configuration list for PBXNativeTarget "BMCinemaUITests" */;
			buildPhases = (
				62F9F61F2BA5DAFF00E0C3F3 /* Sources */,
				62F9F6202BA5DAFF00E0C3F3 /* Frameworks */,
				62F9F6212BA5DAFF00E0C3F3 /* Resources */,
			);
			buildRules = (
			);
			dependencies = (
				62F9F6252BA5DAFF00E0C3F3 /* PBXTargetDependency */,
			);
			name = BMCinemaUITests;
			productName = BMCinemaUITests;
			productReference = 62F9F6232BA5DAFF00E0C3F3 /* BMCinemaUITests.xctest */;
			productType = "com.apple.product-type.bundle.ui-testing";
		};
/* End PBXNativeTarget section */

/* Begin PBXProject section */
		62F9F5FB2BA5DAFC00E0C3F3 /* Project object */ = {
			isa = PBXProject;
			attributes = {
				BuildIndependentTargetsInParallel = 1;
				LastSwiftUpdateCheck = 1510;
				LastUpgradeCheck = 1510;
				TargetAttributes = {
					62F9F6022BA5DAFC00E0C3F3 = {
						CreatedOnToolsVersion = 15.1;
					};
					62F9F6182BA5DAFF00E0C3F3 = {
						CreatedOnToolsVersion = 15.1;
						LastSwiftMigration = 1510;
						TestTargetID = 62F9F6022BA5DAFC00E0C3F3;
					};
					62F9F6222BA5DAFF00E0C3F3 = {
						CreatedOnToolsVersion = 15.1;
						TestTargetID = 62F9F6022BA5DAFC00E0C3F3;
					};
				};
			};
			buildConfigurationList = 62F9F5FE2BA5DAFC00E0C3F3 /* Build configuration list for PBXProject "BMCinema" */;
			compatibilityVersion = "Xcode 14.0";
			developmentRegion = en;
			hasScannedForEncodings = 0;
			knownRegions = (
				en,
				Base,
			);
			mainGroup = 62F9F5FA2BA5DAFC00E0C3F3;
			productRefGroup = 62F9F6042BA5DAFC00E0C3F3 /* Products */;
			projectDirPath = "";
			projectRoot = "";
			targets = (
				62F9F6022BA5DAFC00E0C3F3 /* BMCinema */,
				62F9F6182BA5DAFF00E0C3F3 /* BMCinemaTests */,
				62F9F6222BA5DAFF00E0C3F3 /* BMCinemaUITests */,
			);
		};
/* End PBXProject section */

/* Begin PBXResourcesBuildPhase section */
		62F9F6012BA5DAFC00E0C3F3 /* Resources */ = {
			isa = PBXResourcesBuildPhase;
			buildActionMask = 2147483647;
			files = (
				62F9F6132BA5DAFF00E0C3F3 /* LaunchScreen.storyboard in Resources */,
				620470922BA7874F00A529F5 /* UpcomingMovieTableViewCell.xib in Resources */,
				620470952BA7874F00A529F5 /* UpcomingMoviesViewController.xib in Resources */,
				62F9F6102BA5DAFF00E0C3F3 /* Assets.xcassets in Resources */,
			);
			runOnlyForDeploymentPostprocessing = 0;
		};
		62F9F6172BA5DAFF00E0C3F3 /* Resources */ = {
			isa = PBXResourcesBuildPhase;
			buildActionMask = 2147483647;
			files = (
				620470AB2BA7908F00A529F5 /* UpcomingPaginatedMockData.json in Resources */,
			);
			runOnlyForDeploymentPostprocessing = 0;
		};
		62F9F6212BA5DAFF00E0C3F3 /* Resources */ = {
			isa = PBXResourcesBuildPhase;
			buildActionMask = 2147483647;
			files = (
			);
			runOnlyForDeploymentPostprocessing = 0;
		};
/* End PBXResourcesBuildPhase section */

/* Begin PBXSourcesBuildPhase section */
		62F9F5FF2BA5DAFC00E0C3F3 /* Sources */ = {
			isa = PBXSourcesBuildPhase;
			buildActionMask = 2147483647;
			files = (
				620470962BA7874F00A529F5 /* UpcomingMoviesViewController+UI.swift in Sources */,
				620470972BA7874F00A529F5 /* UpcomingMoviesViewController.swift in Sources */,
				627044242BA6D66600FE92E7 /* PopularCoordinator.swift in Sources */,
				620470982BA7874F00A529F5 /* FetchUpcomingMoviesUseCase.swift in Sources */,
				62069FA82BA6B0910094C90B /* APIManager.swift in Sources */,
				62069FA62BA6B07D0094C90B /* RequestManager.swift in Sources */,
				62069FB22BA6B1540094C90B /* DataParser.swift in Sources */,
				62F9F63F2BA5DB8C00E0C3F3 /* AppCoordinator.swift in Sources */,
				6204707B2BA7858F00A529F5 /* BaseViewController.swift in Sources */,
				6204707D2BA785FC00A529F5 /* EmptyStateView.swift in Sources */,
				6204709B2BA7874F00A529F5 /* UpcomingMoviesPaginatedModel.swift in Sources */,
				62069FAC2BA6B0DE0094C90B /* RequestProtocol.swift in Sources */,
				62F9F6072BA5DAFC00E0C3F3 /* AppDelegate.swift in Sources */,
				620470912BA7874F00A529F5 /* UpcomingMoviesViewModel.swift in Sources */,
				620470932BA7874F00A529F5 /* UpcomingMovieTableViewCell.swift in Sources */,
				620470992BA7874F00A529F5 /* UpcomingMapper.swift in Sources */,
				6204709C2BA7874F00A529F5 /* UpcomingMoviesRepo.swift in Sources */,
				627044202BA6D63800FE92E7 /* NowPlayingCoordinator.swift in Sources */,
				62069FB82BA6B1CC0094C90B /* MovieRequests.swift in Sources */,
				62F9F63A2BA5DB5900E0C3F3 /* AppConstants.swift in Sources */,
				62069FB02BA6B12D0094C90B /* APIConstants.swift in Sources */,
				620470782BA7855000A529F5 /* MovieEntity.swift in Sources */,
				627044222BA6D64D00FE92E7 /* UpcomingCoordinator.swift in Sources */,
				620470942BA7874F00A529F5 /* UpcomingMoviesViewController+TV.swift in Sources */,
				62069FAA2BA6B0AE0094C90B /* NetworkRechability.swift in Sources */,
				62069FB42BA6B1650094C90B /* NetworkError.swift in Sources */,
				62069FB62BA6B1A80094C90B /* APIsPaths.swift in Sources */,
				62F9F6092BA5DAFC00E0C3F3 /* SceneDelegate.swift in Sources */,
				62069FAE2BA6B0ED0094C90B /* RequestType.swift in Sources */,
				620470762BA7852700A529F5 /* MoviesPaginatedEntity.swift in Sources */,
				6204709A2BA7874F00A529F5 /* UpcomingMovie.swift in Sources */,
				6204709F2BA7895800A529F5 /* SharedImageCache.swift in Sources */,
			);
			runOnlyForDeploymentPostprocessing = 0;
		};
		62F9F6152BA5DAFF00E0C3F3 /* Sources */ = {
			isa = PBXSourcesBuildPhase;
			buildActionMask = 2147483647;
			files = (
				620470A72BA78F1600A529F5 /* UpcomingMoviesViewModelTests.swift in Sources */,
				620470B12BA79C5B00A529F5 /* UpcomingMoviesViewControllerTests.swift in Sources */,
				620470AF2BA798E900A529F5 /* MockUpcomingMovieRepoError.swift in Sources */,
				620470A92BA78FB500A529F5 /* MockUpcomingMovieRepoSuccess.swift in Sources */,
			);
			runOnlyForDeploymentPostprocessing = 0;
		};
		62F9F61F2BA5DAFF00E0C3F3 /* Sources */ = {
			isa = PBXSourcesBuildPhase;
			buildActionMask = 2147483647;
			files = (
				62F9F62A2BA5DAFF00E0C3F3 /* BMCinemaUITestsLaunchTests.swift in Sources */,
				62F9F6282BA5DAFF00E0C3F3 /* BMCinemaUITests.swift in Sources */,
			);
			runOnlyForDeploymentPostprocessing = 0;
		};
/* End PBXSourcesBuildPhase section */

/* Begin PBXTargetDependency section */
		62F9F61B2BA5DAFF00E0C3F3 /* PBXTargetDependency */ = {
			isa = PBXTargetDependency;
			target = 62F9F6022BA5DAFC00E0C3F3 /* BMCinema */;
			targetProxy = 62F9F61A2BA5DAFF00E0C3F3 /* PBXContainerItemProxy */;
		};
		62F9F6252BA5DAFF00E0C3F3 /* PBXTargetDependency */ = {
			isa = PBXTargetDependency;
			target = 62F9F6022BA5DAFC00E0C3F3 /* BMCinema */;
			targetProxy = 62F9F6242BA5DAFF00E0C3F3 /* PBXContainerItemProxy */;
		};
/* End PBXTargetDependency section */

/* Begin PBXVariantGroup section */
		62F9F6112BA5DAFF00E0C3F3 /* LaunchScreen.storyboard */ = {
			isa = PBXVariantGroup;
			children = (
				62F9F6122BA5DAFF00E0C3F3 /* Base */,
			);
			name = LaunchScreen.storyboard;
			sourceTree = "<group>";
		};
/* End PBXVariantGroup section */

/* Begin XCBuildConfiguration section */
		62F9F62B2BA5DAFF00E0C3F3 /* Debug */ = {
			isa = XCBuildConfiguration;
			buildSettings = {
				ALWAYS_SEARCH_USER_PATHS = NO;
				ASSETCATALOG_COMPILER_GENERATE_SWIFT_ASSET_SYMBOL_EXTENSIONS = YES;
				CLANG_ANALYZER_NONNULL = YES;
				CLANG_ANALYZER_NUMBER_OBJECT_CONVERSION = YES_AGGRESSIVE;
				CLANG_CXX_LANGUAGE_STANDARD = "gnu++20";
				CLANG_ENABLE_MODULES = YES;
				CLANG_ENABLE_OBJC_ARC = YES;
				CLANG_ENABLE_OBJC_WEAK = YES;
				CLANG_WARN_BLOCK_CAPTURE_AUTORELEASING = YES;
				CLANG_WARN_BOOL_CONVERSION = YES;
				CLANG_WARN_COMMA = YES;
				CLANG_WARN_CONSTANT_CONVERSION = YES;
				CLANG_WARN_DEPRECATED_OBJC_IMPLEMENTATIONS = YES;
				CLANG_WARN_DIRECT_OBJC_ISA_USAGE = YES_ERROR;
				CLANG_WARN_DOCUMENTATION_COMMENTS = YES;
				CLANG_WARN_EMPTY_BODY = YES;
				CLANG_WARN_ENUM_CONVERSION = YES;
				CLANG_WARN_INFINITE_RECURSION = YES;
				CLANG_WARN_INT_CONVERSION = YES;
				CLANG_WARN_NON_LITERAL_NULL_CONVERSION = YES;
				CLANG_WARN_OBJC_IMPLICIT_RETAIN_SELF = YES;
				CLANG_WARN_OBJC_LITERAL_CONVERSION = YES;
				CLANG_WARN_OBJC_ROOT_CLASS = YES_ERROR;
				CLANG_WARN_QUOTED_INCLUDE_IN_FRAMEWORK_HEADER = YES;
				CLANG_WARN_RANGE_LOOP_ANALYSIS = YES;
				CLANG_WARN_STRICT_PROTOTYPES = YES;
				CLANG_WARN_SUSPICIOUS_MOVE = YES;
				CLANG_WARN_UNGUARDED_AVAILABILITY = YES_AGGRESSIVE;
				CLANG_WARN_UNREACHABLE_CODE = YES;
				CLANG_WARN__DUPLICATE_METHOD_MATCH = YES;
				COPY_PHASE_STRIP = NO;
				DEBUG_INFORMATION_FORMAT = dwarf;
				ENABLE_STRICT_OBJC_MSGSEND = YES;
				ENABLE_TESTABILITY = YES;
				ENABLE_USER_SCRIPT_SANDBOXING = YES;
				GCC_C_LANGUAGE_STANDARD = gnu17;
				GCC_DYNAMIC_NO_PIC = NO;
				GCC_NO_COMMON_BLOCKS = YES;
				GCC_OPTIMIZATION_LEVEL = 0;
				GCC_PREPROCESSOR_DEFINITIONS = (
					"DEBUG=1",
					"$(inherited)",
				);
				GCC_WARN_64_TO_32_BIT_CONVERSION = YES;
				GCC_WARN_ABOUT_RETURN_TYPE = YES_ERROR;
				GCC_WARN_UNDECLARED_SELECTOR = YES;
				GCC_WARN_UNINITIALIZED_AUTOS = YES_AGGRESSIVE;
				GCC_WARN_UNUSED_FUNCTION = YES;
				GCC_WARN_UNUSED_VARIABLE = YES;
				IPHONEOS_DEPLOYMENT_TARGET = 17.2;
				LOCALIZATION_PREFERS_STRING_CATALOGS = YES;
				MTL_ENABLE_DEBUG_INFO = INCLUDE_SOURCE;
				MTL_FAST_MATH = YES;
				ONLY_ACTIVE_ARCH = YES;
				SDKROOT = iphoneos;
				SWIFT_ACTIVE_COMPILATION_CONDITIONS = "DEBUG $(inherited)";
				SWIFT_OPTIMIZATION_LEVEL = "-Onone";
			};
			name = Debug;
		};
		62F9F62C2BA5DAFF00E0C3F3 /* Release */ = {
			isa = XCBuildConfiguration;
			buildSettings = {
				ALWAYS_SEARCH_USER_PATHS = NO;
				ASSETCATALOG_COMPILER_GENERATE_SWIFT_ASSET_SYMBOL_EXTENSIONS = YES;
				CLANG_ANALYZER_NONNULL = YES;
				CLANG_ANALYZER_NUMBER_OBJECT_CONVERSION = YES_AGGRESSIVE;
				CLANG_CXX_LANGUAGE_STANDARD = "gnu++20";
				CLANG_ENABLE_MODULES = YES;
				CLANG_ENABLE_OBJC_ARC = YES;
				CLANG_ENABLE_OBJC_WEAK = YES;
				CLANG_WARN_BLOCK_CAPTURE_AUTORELEASING = YES;
				CLANG_WARN_BOOL_CONVERSION = YES;
				CLANG_WARN_COMMA = YES;
				CLANG_WARN_CONSTANT_CONVERSION = YES;
				CLANG_WARN_DEPRECATED_OBJC_IMPLEMENTATIONS = YES;
				CLANG_WARN_DIRECT_OBJC_ISA_USAGE = YES_ERROR;
				CLANG_WARN_DOCUMENTATION_COMMENTS = YES;
				CLANG_WARN_EMPTY_BODY = YES;
				CLANG_WARN_ENUM_CONVERSION = YES;
				CLANG_WARN_INFINITE_RECURSION = YES;
				CLANG_WARN_INT_CONVERSION = YES;
				CLANG_WARN_NON_LITERAL_NULL_CONVERSION = YES;
				CLANG_WARN_OBJC_IMPLICIT_RETAIN_SELF = YES;
				CLANG_WARN_OBJC_LITERAL_CONVERSION = YES;
				CLANG_WARN_OBJC_ROOT_CLASS = YES_ERROR;
				CLANG_WARN_QUOTED_INCLUDE_IN_FRAMEWORK_HEADER = YES;
				CLANG_WARN_RANGE_LOOP_ANALYSIS = YES;
				CLANG_WARN_STRICT_PROTOTYPES = YES;
				CLANG_WARN_SUSPICIOUS_MOVE = YES;
				CLANG_WARN_UNGUARDED_AVAILABILITY = YES_AGGRESSIVE;
				CLANG_WARN_UNREACHABLE_CODE = YES;
				CLANG_WARN__DUPLICATE_METHOD_MATCH = YES;
				COPY_PHASE_STRIP = NO;
				DEBUG_INFORMATION_FORMAT = "dwarf-with-dsym";
				ENABLE_NS_ASSERTIONS = NO;
				ENABLE_STRICT_OBJC_MSGSEND = YES;
				ENABLE_USER_SCRIPT_SANDBOXING = YES;
				GCC_C_LANGUAGE_STANDARD = gnu17;
				GCC_NO_COMMON_BLOCKS = YES;
				GCC_WARN_64_TO_32_BIT_CONVERSION = YES;
				GCC_WARN_ABOUT_RETURN_TYPE = YES_ERROR;
				GCC_WARN_UNDECLARED_SELECTOR = YES;
				GCC_WARN_UNINITIALIZED_AUTOS = YES_AGGRESSIVE;
				GCC_WARN_UNUSED_FUNCTION = YES;
				GCC_WARN_UNUSED_VARIABLE = YES;
				IPHONEOS_DEPLOYMENT_TARGET = 17.2;
				LOCALIZATION_PREFERS_STRING_CATALOGS = YES;
				MTL_ENABLE_DEBUG_INFO = NO;
				MTL_FAST_MATH = YES;
				SDKROOT = iphoneos;
				SWIFT_COMPILATION_MODE = wholemodule;
				VALIDATE_PRODUCT = YES;
			};
			name = Release;
		};
		62F9F62E2BA5DAFF00E0C3F3 /* Debug */ = {
			isa = XCBuildConfiguration;
			buildSettings = {
				ASSETCATALOG_COMPILER_APPICON_NAME = AppIcon;
				ASSETCATALOG_COMPILER_GLOBAL_ACCENT_COLOR_NAME = AccentColor;
				CODE_SIGN_STYLE = Automatic;
				CURRENT_PROJECT_VERSION = 1;
				DEVELOPMENT_TEAM = W6653Q43K8;
				GENERATE_INFOPLIST_FILE = YES;
				INFOPLIST_FILE = BMCinema/Resources/Info.plist;
				INFOPLIST_KEY_UIApplicationSupportsIndirectInputEvents = YES;
				INFOPLIST_KEY_UILaunchStoryboardName = LaunchScreen;
				INFOPLIST_KEY_UISupportedInterfaceOrientations_iPad = "UIInterfaceOrientationPortrait UIInterfaceOrientationPortraitUpsideDown UIInterfaceOrientationLandscapeLeft UIInterfaceOrientationLandscapeRight";
				INFOPLIST_KEY_UISupportedInterfaceOrientations_iPhone = "UIInterfaceOrientationPortrait UIInterfaceOrientationLandscapeLeft UIInterfaceOrientationLandscapeRight";
				LD_RUNPATH_SEARCH_PATHS = (
					"$(inherited)",
					"@executable_path/Frameworks",
				);
				MARKETING_VERSION = 1.0;
				PRODUCT_BUNDLE_IDENTIFIER = banquemisr.challenge05.BMCinema;
				PRODUCT_NAME = "$(TARGET_NAME)";
				SWIFT_EMIT_LOC_STRINGS = YES;
				SWIFT_VERSION = 5.0;
				TARGETED_DEVICE_FAMILY = "1,2";
			};
			name = Debug;
		};
		62F9F62F2BA5DAFF00E0C3F3 /* Release */ = {
			isa = XCBuildConfiguration;
			buildSettings = {
				ASSETCATALOG_COMPILER_APPICON_NAME = AppIcon;
				ASSETCATALOG_COMPILER_GLOBAL_ACCENT_COLOR_NAME = AccentColor;
				CODE_SIGN_STYLE = Automatic;
				CURRENT_PROJECT_VERSION = 1;
				DEVELOPMENT_TEAM = W6653Q43K8;
				GENERATE_INFOPLIST_FILE = YES;
				INFOPLIST_FILE = BMCinema/Resources/Info.plist;
				INFOPLIST_KEY_UIApplicationSupportsIndirectInputEvents = YES;
				INFOPLIST_KEY_UILaunchStoryboardName = LaunchScreen;
				INFOPLIST_KEY_UISupportedInterfaceOrientations_iPad = "UIInterfaceOrientationPortrait UIInterfaceOrientationPortraitUpsideDown UIInterfaceOrientationLandscapeLeft UIInterfaceOrientationLandscapeRight";
				INFOPLIST_KEY_UISupportedInterfaceOrientations_iPhone = "UIInterfaceOrientationPortrait UIInterfaceOrientationLandscapeLeft UIInterfaceOrientationLandscapeRight";
				LD_RUNPATH_SEARCH_PATHS = (
					"$(inherited)",
					"@executable_path/Frameworks",
				);
				MARKETING_VERSION = 1.0;
				PRODUCT_BUNDLE_IDENTIFIER = banquemisr.challenge05.BMCinema;
				PRODUCT_NAME = "$(TARGET_NAME)";
				SWIFT_EMIT_LOC_STRINGS = YES;
				SWIFT_VERSION = 5.0;
				TARGETED_DEVICE_FAMILY = "1,2";
			};
			name = Release;
		};
		62F9F6312BA5DAFF00E0C3F3 /* Debug */ = {
			isa = XCBuildConfiguration;
			buildSettings = {
				ALWAYS_EMBED_SWIFT_STANDARD_LIBRARIES = YES;
				BUNDLE_LOADER = "$(TEST_HOST)";
				CLANG_ENABLE_MODULES = YES;
				CODE_SIGN_STYLE = Automatic;
				CURRENT_PROJECT_VERSION = 1;
				DEVELOPMENT_TEAM = W6653Q43K8;
				GENERATE_INFOPLIST_FILE = YES;
				IPHONEOS_DEPLOYMENT_TARGET = 17.2;
				MARKETING_VERSION = 1.0;
				PRODUCT_BUNDLE_IDENTIFIER = banquemisr.challenge05.BMCinemaTests;
				PRODUCT_NAME = "$(TARGET_NAME)";
				SWIFT_EMIT_LOC_STRINGS = NO;
				SWIFT_OPTIMIZATION_LEVEL = "-Onone";
				SWIFT_VERSION = 5.0;
				TARGETED_DEVICE_FAMILY = "1,2";
				TEST_HOST = "$(BUILT_PRODUCTS_DIR)/BMCinema.app/$(BUNDLE_EXECUTABLE_FOLDER_PATH)/BMCinema";
			};
			name = Debug;
		};
		62F9F6322BA5DAFF00E0C3F3 /* Release */ = {
			isa = XCBuildConfiguration;
			buildSettings = {
				ALWAYS_EMBED_SWIFT_STANDARD_LIBRARIES = YES;
				BUNDLE_LOADER = "$(TEST_HOST)";
				CLANG_ENABLE_MODULES = YES;
				CODE_SIGN_STYLE = Automatic;
				CURRENT_PROJECT_VERSION = 1;
				DEVELOPMENT_TEAM = W6653Q43K8;
				GENERATE_INFOPLIST_FILE = YES;
				IPHONEOS_DEPLOYMENT_TARGET = 17.2;
				MARKETING_VERSION = 1.0;
				PRODUCT_BUNDLE_IDENTIFIER = banquemisr.challenge05.BMCinemaTests;
				PRODUCT_NAME = "$(TARGET_NAME)";
				SWIFT_EMIT_LOC_STRINGS = NO;
				SWIFT_VERSION = 5.0;
				TARGETED_DEVICE_FAMILY = "1,2";
				TEST_HOST = "$(BUILT_PRODUCTS_DIR)/BMCinema.app/$(BUNDLE_EXECUTABLE_FOLDER_PATH)/BMCinema";
			};
			name = Release;
		};
		62F9F6342BA5DAFF00E0C3F3 /* Debug */ = {
			isa = XCBuildConfiguration;
			buildSettings = {
				ALWAYS_EMBED_SWIFT_STANDARD_LIBRARIES = YES;
				CODE_SIGN_STYLE = Automatic;
				CURRENT_PROJECT_VERSION = 1;
				DEVELOPMENT_TEAM = W6653Q43K8;
				GENERATE_INFOPLIST_FILE = YES;
				MARKETING_VERSION = 1.0;
				PRODUCT_BUNDLE_IDENTIFIER = banquemisr.challenge05.BMCinemaUITests;
				PRODUCT_NAME = "$(TARGET_NAME)";
				SWIFT_EMIT_LOC_STRINGS = NO;
				SWIFT_VERSION = 5.0;
				TARGETED_DEVICE_FAMILY = "1,2";
				TEST_TARGET_NAME = BMCinema;
			};
			name = Debug;
		};
		62F9F6352BA5DAFF00E0C3F3 /* Release */ = {
			isa = XCBuildConfiguration;
			buildSettings = {
				ALWAYS_EMBED_SWIFT_STANDARD_LIBRARIES = YES;
				CODE_SIGN_STYLE = Automatic;
				CURRENT_PROJECT_VERSION = 1;
				DEVELOPMENT_TEAM = W6653Q43K8;
				GENERATE_INFOPLIST_FILE = YES;
				MARKETING_VERSION = 1.0;
				PRODUCT_BUNDLE_IDENTIFIER = banquemisr.challenge05.BMCinemaUITests;
				PRODUCT_NAME = "$(TARGET_NAME)";
				SWIFT_EMIT_LOC_STRINGS = NO;
				SWIFT_VERSION = 5.0;
				TARGETED_DEVICE_FAMILY = "1,2";
				TEST_TARGET_NAME = BMCinema;
			};
			name = Release;
		};
/* End XCBuildConfiguration section */

/* Begin XCConfigurationList section */
		62F9F5FE2BA5DAFC00E0C3F3 /* Build configuration list for PBXProject "BMCinema" */ = {
			isa = XCConfigurationList;
			buildConfigurations = (
				62F9F62B2BA5DAFF00E0C3F3 /* Debug */,
				62F9F62C2BA5DAFF00E0C3F3 /* Release */,
			);
			defaultConfigurationIsVisible = 0;
			defaultConfigurationName = Release;
		};
		62F9F62D2BA5DAFF00E0C3F3 /* Build configuration list for PBXNativeTarget "BMCinema" */ = {
			isa = XCConfigurationList;
			buildConfigurations = (
				62F9F62E2BA5DAFF00E0C3F3 /* Debug */,
				62F9F62F2BA5DAFF00E0C3F3 /* Release */,
			);
			defaultConfigurationIsVisible = 0;
			defaultConfigurationName = Release;
		};
		62F9F6302BA5DAFF00E0C3F3 /* Build configuration list for PBXNativeTarget "BMCinemaTests" */ = {
			isa = XCConfigurationList;
			buildConfigurations = (
				62F9F6312BA5DAFF00E0C3F3 /* Debug */,
				62F9F6322BA5DAFF00E0C3F3 /* Release */,
			);
			defaultConfigurationIsVisible = 0;
			defaultConfigurationName = Release;
		};
		62F9F6332BA5DAFF00E0C3F3 /* Build configuration list for PBXNativeTarget "BMCinemaUITests" */ = {
			isa = XCConfigurationList;
			buildConfigurations = (
				62F9F6342BA5DAFF00E0C3F3 /* Debug */,
				62F9F6352BA5DAFF00E0C3F3 /* Release */,
			);
			defaultConfigurationIsVisible = 0;
			defaultConfigurationName = Release;
		};
/* End XCConfigurationList section */
	};
	rootObject = 62F9F5FB2BA5DAFC00E0C3F3 /* Project object */;
}
