// !$*UTF8*$!
{
	archiveVersion = 1;
	classes = {
	};
	objectVersion = 56;
	objects = {

/* Begin PBXBuildFile section */
		620470762BA7852700A529F5 /* MoviesPaginatedEntity.swift in Sources */ = {isa = PBXBuildFile; fileRef = 620470752BA7852700A529F5 /* MoviesPaginatedEntity.swift */; };
		620470782BA7855000A529F5 /* MovieEntity.swift in Sources */ = {isa = PBXBuildFile; fileRef = 620470772BA7855000A529F5 /* MovieEntity.swift */; };
		6204707B2BA7858F00A529F5 /* BaseViewController.swift in Sources */ = {isa = PBXBuildFile; fileRef = 6204707A2BA7858F00A529F5 /* BaseViewController.swift */; };
		6204707D2BA785FC00A529F5 /* EmptyStateView.swift in Sources */ = {isa = PBXBuildFile; fileRef = 6204707C2BA785FC00A529F5 /* EmptyStateView.swift */; };
		620470912BA7874F00A529F5 /* UpcomingMoviesViewModel.swift in Sources */ = {isa = PBXBuildFile; fileRef = 620470802BA7874E00A529F5 /* UpcomingMoviesViewModel.swift */; };
		620470922BA7874F00A529F5 /* UpcomingMovieTableViewCell.xib in Resources */ = {isa = PBXBuildFile; fileRef = 620470822BA7874E00A529F5 /* UpcomingMovieTableViewCell.xib */; };
		620470932BA7874F00A529F5 /* UpcomingMovieTableViewCell.swift in Sources */ = {isa = PBXBuildFile; fileRef = 620470832BA7874E00A529F5 /* UpcomingMovieTableViewCell.swift */; };
		620470942BA7874F00A529F5 /* UpcomingMoviesViewController+TV.swift in Sources */ = {isa = PBXBuildFile; fileRef = 620470852BA7874E00A529F5 /* UpcomingMoviesViewController+TV.swift */; };
		620470952BA7874F00A529F5 /* UpcomingMoviesViewController.xib in Resources */ = {isa = PBXBuildFile; fileRef = 620470862BA7874E00A529F5 /* UpcomingMoviesViewController.xib */; };
		620470962BA7874F00A529F5 /* UpcomingMoviesViewController+UI.swift in Sources */ = {isa = PBXBuildFile; fileRef = 620470872BA7874E00A529F5 /* UpcomingMoviesViewController+UI.swift */; };
		620470972BA7874F00A529F5 /* UpcomingMoviesViewController.swift in Sources */ = {isa = PBXBuildFile; fileRef = 620470882BA7874E00A529F5 /* UpcomingMoviesViewController.swift */; };
		620470982BA7874F00A529F5 /* FetchUpcomingMoviesUseCase.swift in Sources */ = {isa = PBXBuildFile; fileRef = 6204708A2BA7874F00A529F5 /* FetchUpcomingMoviesUseCase.swift */; };
		620470992BA7874F00A529F5 /* UpcomingMapper.swift in Sources */ = {isa = PBXBuildFile; fileRef = 6204708B2BA7874F00A529F5 /* UpcomingMapper.swift */; };
		6204709A2BA7874F00A529F5 /* UpcomingMovie.swift in Sources */ = {isa = PBXBuildFile; fileRef = 6204708D2BA7874F00A529F5 /* UpcomingMovie.swift */; };
		6204709B2BA7874F00A529F5 /* UpcomingMoviesPaginatedModel.swift in Sources */ = {isa = PBXBuildFile; fileRef = 6204708E2BA7874F00A529F5 /* UpcomingMoviesPaginatedModel.swift */; };
		6204709C2BA7874F00A529F5 /* UpcomingMoviesRepo.swift in Sources */ = {isa = PBXBuildFile; fileRef = 620470902BA7874F00A529F5 /* UpcomingMoviesRepo.swift */; };
		6204709F2BA7895800A529F5 /* SharedImageCache.swift in Sources */ = {isa = PBXBuildFile; fileRef = 6204709E2BA7895800A529F5 /* SharedImageCache.swift */; };
		620470A72BA78F1600A529F5 /* UpcomingMoviesViewModelTests.swift in Sources */ = {isa = PBXBuildFile; fileRef = 620470A62BA78F1600A529F5 /* UpcomingMoviesViewModelTests.swift */; };
		620470A92BA78FB500A529F5 /* MockUpcomingMovieRepoSuccess.swift in Sources */ = {isa = PBXBuildFile; fileRef = 620470A82BA78FB500A529F5 /* MockUpcomingMovieRepoSuccess.swift */; };
		620470AB2BA7908F00A529F5 /* UpcomingPaginatedMockData.json in Resources */ = {isa = PBXBuildFile; fileRef = 620470AA2BA7908F00A529F5 /* UpcomingPaginatedMockData.json */; };
		620470AF2BA798E900A529F5 /* MockUpcomingMovieRepoError.swift in Sources */ = {isa = PBXBuildFile; fileRef = 620470AE2BA798E900A529F5 /* MockUpcomingMovieRepoError.swift */; };
		620470B12BA79C5B00A529F5 /* UpcomingMoviesViewControllerTests.swift in Sources */ = {isa = PBXBuildFile; fileRef = 620470B02BA79C5B00A529F5 /* UpcomingMoviesViewControllerTests.swift */; };
		620470BC2BA8280E00A529F5 /* PopularMoviesRepo.swift in Sources */ = {isa = PBXBuildFile; fileRef = 620470B42BA8280E00A529F5 /* PopularMoviesRepo.swift */; };
		620470BD2BA8280E00A529F5 /* PopularMoviesPaginatedModel.swift in Sources */ = {isa = PBXBuildFile; fileRef = 620470B72BA8280E00A529F5 /* PopularMoviesPaginatedModel.swift */; };
		620470BE2BA8280E00A529F5 /* PopularMovie.swift in Sources */ = {isa = PBXBuildFile; fileRef = 620470B82BA8280E00A529F5 /* PopularMovie.swift */; };
		620470BF2BA8280E00A529F5 /* PopularMapper.swift in Sources */ = {isa = PBXBuildFile; fileRef = 620470B92BA8280E00A529F5 /* PopularMapper.swift */; };
		620470C02BA8280E00A529F5 /* FetchPopularMoviesUseCase.swift in Sources */ = {isa = PBXBuildFile; fileRef = 620470BA2BA8280E00A529F5 /* FetchPopularMoviesUseCase.swift */; };
		620470C52BA828B500A529F5 /* PopularMoviesViewController.swift in Sources */ = {isa = PBXBuildFile; fileRef = 620470C32BA828B500A529F5 /* PopularMoviesViewController.swift */; };
		620470C62BA828B500A529F5 /* PopularMoviesViewController.xib in Resources */ = {isa = PBXBuildFile; fileRef = 620470C42BA828B500A529F5 /* PopularMoviesViewController.xib */; };
		620470C82BA8294800A529F5 /* PopularMoviesViewController+UI.swift in Sources */ = {isa = PBXBuildFile; fileRef = 620470C72BA8294800A529F5 /* PopularMoviesViewController+UI.swift */; };
		620470CA2BA8295600A529F5 /* PopularMoviesViewController+TV.swift in Sources */ = {isa = PBXBuildFile; fileRef = 620470C92BA8295600A529F5 /* PopularMoviesViewController+TV.swift */; };
		620470CC2BA829D100A529F5 /* PopularMoviesViewModel.swift in Sources */ = {isa = PBXBuildFile; fileRef = 620470CB2BA829D100A529F5 /* PopularMoviesViewModel.swift */; };
		620470CF2BA82A6400A529F5 /* PopularMovieTableViewCell.swift in Sources */ = {isa = PBXBuildFile; fileRef = 620470CD2BA82A6400A529F5 /* PopularMovieTableViewCell.swift */; };
		620470D02BA82A6400A529F5 /* PopularMovieTableViewCell.xib in Resources */ = {isa = PBXBuildFile; fileRef = 620470CE2BA82A6400A529F5 /* PopularMovieTableViewCell.xib */; };
		620470D42BA8313C00A529F5 /* MockPopularMoviesRepoSuccess.swift in Sources */ = {isa = PBXBuildFile; fileRef = 620470D32BA8313C00A529F5 /* MockPopularMoviesRepoSuccess.swift */; };
		620470D62BA8326300A529F5 /* MockPopularMoviesRepoError.swift in Sources */ = {isa = PBXBuildFile; fileRef = 620470D52BA8326300A529F5 /* MockPopularMoviesRepoError.swift */; };
		620470D82BA8329900A529F5 /* PopularPaginatedMockData.json in Resources */ = {isa = PBXBuildFile; fileRef = 620470D72BA8329900A529F5 /* PopularPaginatedMockData.json */; };
		620470DA2BA832B700A529F5 /* PopularMoviesViewModelTests.swift in Sources */ = {isa = PBXBuildFile; fileRef = 620470D92BA832B700A529F5 /* PopularMoviesViewModelTests.swift */; };
		620470DC2BA832CC00A529F5 /* PopularMoviesViewControllerTests.swift in Sources */ = {isa = PBXBuildFile; fileRef = 620470DB2BA832CC00A529F5 /* PopularMoviesViewControllerTests.swift */; };
		620470E72BA83D9500A529F5 /* NowPlayingMoviesRepo.swift in Sources */ = {isa = PBXBuildFile; fileRef = 620470DF2BA83D9500A529F5 /* NowPlayingMoviesRepo.swift */; };
		620470E82BA83D9500A529F5 /* NowPlayingMoviesPaginatedModel.swift in Sources */ = {isa = PBXBuildFile; fileRef = 620470E22BA83D9500A529F5 /* NowPlayingMoviesPaginatedModel.swift */; };
		620470E92BA83D9500A529F5 /* NowPlayingMovie.swift in Sources */ = {isa = PBXBuildFile; fileRef = 620470E32BA83D9500A529F5 /* NowPlayingMovie.swift */; };
		620470EA2BA83D9500A529F5 /* FetchNowPlayingMoviesUseCase.swift in Sources */ = {isa = PBXBuildFile; fileRef = 620470E42BA83D9500A529F5 /* FetchNowPlayingMoviesUseCase.swift */; };
		620470EB2BA83D9500A529F5 /* NowPlayingMapper.swift in Sources */ = {isa = PBXBuildFile; fileRef = 620470E52BA83D9500A529F5 /* NowPlayingMapper.swift */; };
		620470EF2BA83DFE00A529F5 /* NowPlayingViewModel.swift in Sources */ = {isa = PBXBuildFile; fileRef = 620470EE2BA83DFE00A529F5 /* NowPlayingViewModel.swift */; };
		620470F22BA83E1300A529F5 /* NowPlayingMovieTableViewCell.swift in Sources */ = {isa = PBXBuildFile; fileRef = 620470F02BA83E1300A529F5 /* NowPlayingMovieTableViewCell.swift */; };
		620470F32BA83E1300A529F5 /* NowPlayingMovieTableViewCell.xib in Resources */ = {isa = PBXBuildFile; fileRef = 620470F12BA83E1300A529F5 /* NowPlayingMovieTableViewCell.xib */; };
		620470F62BA83E4C00A529F5 /* NowPlayingMoviesViewController.swift in Sources */ = {isa = PBXBuildFile; fileRef = 620470F42BA83E4C00A529F5 /* NowPlayingMoviesViewController.swift */; };
		620470F72BA83E4C00A529F5 /* NowPlayingMoviesViewController.xib in Resources */ = {isa = PBXBuildFile; fileRef = 620470F52BA83E4C00A529F5 /* NowPlayingMoviesViewController.xib */; };
		620470F92BA83E5A00A529F5 /* NowPlayingMoviesViewController+UI.swift in Sources */ = {isa = PBXBuildFile; fileRef = 620470F82BA83E5A00A529F5 /* NowPlayingMoviesViewController+UI.swift */; };
		620470FB2BA83E6300A529F5 /* NowPlayingMoviesViewController+TV.swift in Sources */ = {isa = PBXBuildFile; fileRef = 620470FA2BA83E6300A529F5 /* NowPlayingMoviesViewController+TV.swift */; };
		620470FF2BA845BA00A529F5 /* NowPlayingMoviesViewModelTests.swift in Sources */ = {isa = PBXBuildFile; fileRef = 620470FE2BA845BA00A529F5 /* NowPlayingMoviesViewModelTests.swift */; };
		620471012BA845C800A529F5 /* NowPlayingMoviesViewControllerTests.swift in Sources */ = {isa = PBXBuildFile; fileRef = 620471002BA845C800A529F5 /* NowPlayingMoviesViewControllerTests.swift */; };
		620471032BA845DB00A529F5 /* MockNowPlayingRepoSuccess.swift in Sources */ = {isa = PBXBuildFile; fileRef = 620471022BA845DB00A529F5 /* MockNowPlayingRepoSuccess.swift */; };
		620471052BA845E700A529F5 /* MockNowPlayingRepoError.swift in Sources */ = {isa = PBXBuildFile; fileRef = 620471042BA845E700A529F5 /* MockNowPlayingRepoError.swift */; };
		620471072BA845FC00A529F5 /* NowPlayingPaginatedMockData.json in Resources */ = {isa = PBXBuildFile; fileRef = 620471062BA845FC00A529F5 /* NowPlayingPaginatedMockData.json */; };
		620471142BA84A4A00A529F5 /* MovieDetailsRepo.swift in Sources */ = {isa = PBXBuildFile; fileRef = 6204710A2BA84A4A00A529F5 /* MovieDetailsRepo.swift */; };
		620471152BA84A4A00A529F5 /* MovieDetailsModel.swift in Sources */ = {isa = PBXBuildFile; fileRef = 6204710D2BA84A4A00A529F5 /* MovieDetailsModel.swift */; };
		620471162BA84A4A00A529F5 /* FetchMovieDetailsUseCase.swift in Sources */ = {isa = PBXBuildFile; fileRef = 6204710E2BA84A4A00A529F5 /* FetchMovieDetailsUseCase.swift */; };
		620471172BA84A4A00A529F5 /* MovieDetailsViewModel.swift in Sources */ = {isa = PBXBuildFile; fileRef = 620471102BA84A4A00A529F5 /* MovieDetailsViewModel.swift */; };
		6204711B2BA84AD700A529F5 /* MovieDetailsMapper.swift in Sources */ = {isa = PBXBuildFile; fileRef = 6204711A2BA84AD700A529F5 /* MovieDetailsMapper.swift */; };
		6204711D2BA84B4200A529F5 /* MovieDetailsView.swift in Sources */ = {isa = PBXBuildFile; fileRef = 6204711C2BA84B4200A529F5 /* MovieDetailsView.swift */; };
		620471212BA8533C00A529F5 /* GenreEntity.swift in Sources */ = {isa = PBXBuildFile; fileRef = 620471202BA8533C00A529F5 /* GenreEntity.swift */; };
		620471272BA8542000A529F5 /* MovieGenreModel.swift in Sources */ = {isa = PBXBuildFile; fileRef = 620471262BA8542000A529F5 /* MovieGenreModel.swift */; };
		6204712A2BA8610C00A529F5 /* Double+Ext.swift in Sources */ = {isa = PBXBuildFile; fileRef = 620471292BA8610C00A529F5 /* Double+Ext.swift */; };
		6204712D2BA8653C00A529F5 /* EmptyStateSwiftUIView.swift in Sources */ = {isa = PBXBuildFile; fileRef = 6204712C2BA8653C00A529F5 /* EmptyStateSwiftUIView.swift */; };
		620471312BA86D2600A529F5 /* MockMovieDetailsRepoSuccess.swift in Sources */ = {isa = PBXBuildFile; fileRef = 620471302BA86D2600A529F5 /* MockMovieDetailsRepoSuccess.swift */; };
		620471352BA86E4E00A529F5 /* MockMovieDetailsRepoError.swift in Sources */ = {isa = PBXBuildFile; fileRef = 620471342BA86E4E00A529F5 /* MockMovieDetailsRepoError.swift */; };
		620471372BA86F4900A529F5 /* MovieDetailsViewModelTests.swift in Sources */ = {isa = PBXBuildFile; fileRef = 620471362BA86F4900A529F5 /* MovieDetailsViewModelTests.swift */; };
		6204713B2BA872B000A529F5 /* MovieDetailsMockData.json in Resources */ = {isa = PBXBuildFile; fileRef = 6204713A2BA872B000A529F5 /* MovieDetailsMockData.json */; };
		6204713F2BA874A500A529F5 /* UpcomingMoviesUITests.swift in Sources */ = {isa = PBXBuildFile; fileRef = 6204713E2BA874A500A529F5 /* UpcomingMoviesUITests.swift */; };
		620471412BA87EA900A529F5 /* NowPlayingMoviesUITests.swift in Sources */ = {isa = PBXBuildFile; fileRef = 620471402BA87EA900A529F5 /* NowPlayingMoviesUITests.swift */; };
		620471432BA87F4700A529F5 /* PopularMoviesUITests.swift in Sources */ = {isa = PBXBuildFile; fileRef = 620471422BA87F4700A529F5 /* PopularMoviesUITests.swift */; };
		62069FA62BA6B07D0094C90B /* RequestManager.swift in Sources */ = {isa = PBXBuildFile; fileRef = 62069FA52BA6B07D0094C90B /* RequestManager.swift */; };
		62069FA82BA6B0910094C90B /* APIManager.swift in Sources */ = {isa = PBXBuildFile; fileRef = 62069FA72BA6B0910094C90B /* APIManager.swift */; };
		62069FAA2BA6B0AE0094C90B /* NetworkRechability.swift in Sources */ = {isa = PBXBuildFile; fileRef = 62069FA92BA6B0AE0094C90B /* NetworkRechability.swift */; };
		62069FAC2BA6B0DE0094C90B /* RequestProtocol.swift in Sources */ = {isa = PBXBuildFile; fileRef = 62069FAB2BA6B0DE0094C90B /* RequestProtocol.swift */; };
		62069FAE2BA6B0ED0094C90B /* RequestType.swift in Sources */ = {isa = PBXBuildFile; fileRef = 62069FAD2BA6B0ED0094C90B /* RequestType.swift */; };
		62069FB02BA6B12D0094C90B /* APIConstants.swift in Sources */ = {isa = PBXBuildFile; fileRef = 62069FAF2BA6B12D0094C90B /* APIConstants.swift */; };
		62069FB22BA6B1540094C90B /* DataParser.swift in Sources */ = {isa = PBXBuildFile; fileRef = 62069FB12BA6B1540094C90B /* DataParser.swift */; };
		62069FB42BA6B1650094C90B /* NetworkError.swift in Sources */ = {isa = PBXBuildFile; fileRef = 62069FB32BA6B1650094C90B /* NetworkError.swift */; };
		62069FB62BA6B1A80094C90B /* APIsPaths.swift in Sources */ = {isa = PBXBuildFile; fileRef = 62069FB52BA6B1A80094C90B /* APIsPaths.swift */; };
		62069FB82BA6B1CC0094C90B /* MovieRequests.swift in Sources */ = {isa = PBXBuildFile; fileRef = 62069FB72BA6B1CC0094C90B /* MovieRequests.swift */; };
		627044202BA6D63800FE92E7 /* NowPlayingCoordinator.swift in Sources */ = {isa = PBXBuildFile; fileRef = 6270441F2BA6D63800FE92E7 /* NowPlayingCoordinator.swift */; };
		627044222BA6D64D00FE92E7 /* UpcomingCoordinator.swift in Sources */ = {isa = PBXBuildFile; fileRef = 627044212BA6D64D00FE92E7 /* UpcomingCoordinator.swift */; };
		627044242BA6D66600FE92E7 /* PopularCoordinator.swift in Sources */ = {isa = PBXBuildFile; fileRef = 627044232BA6D66600FE92E7 /* PopularCoordinator.swift */; };
		62F9F6072BA5DAFC00E0C3F3 /* AppDelegate.swift in Sources */ = {isa = PBXBuildFile; fileRef = 62F9F6062BA5DAFC00E0C3F3 /* AppDelegate.swift */; };
		62F9F6092BA5DAFC00E0C3F3 /* SceneDelegate.swift in Sources */ = {isa = PBXBuildFile; fileRef = 62F9F6082BA5DAFC00E0C3F3 /* SceneDelegate.swift */; };
		62F9F6102BA5DAFF00E0C3F3 /* Assets.xcassets in Resources */ = {isa = PBXBuildFile; fileRef = 62F9F60F2BA5DAFF00E0C3F3 /* Assets.xcassets */; };
		62F9F6132BA5DAFF00E0C3F3 /* LaunchScreen.storyboard in Resources */ = {isa = PBXBuildFile; fileRef = 62F9F6112BA5DAFF00E0C3F3 /* LaunchScreen.storyboard */; };
		62F9F62A2BA5DAFF00E0C3F3 /* BMCinemaUITestsLaunchTests.swift in Sources */ = {isa = PBXBuildFile; fileRef = 62F9F6292BA5DAFF00E0C3F3 /* BMCinemaUITestsLaunchTests.swift */; };
		62F9F63A2BA5DB5900E0C3F3 /* AppConstants.swift in Sources */ = {isa = PBXBuildFile; fileRef = 62F9F6392BA5DB5900E0C3F3 /* AppConstants.swift */; };
		62F9F63F2BA5DB8C00E0C3F3 /* AppCoordinator.swift in Sources */ = {isa = PBXBuildFile; fileRef = 62F9F63E2BA5DB8C00E0C3F3 /* AppCoordinator.swift */; };
/* End PBXBuildFile section */

/* Begin PBXContainerItemProxy section */
		62F9F61A2BA5DAFF00E0C3F3 /* PBXContainerItemProxy */ = {
			isa = PBXContainerItemProxy;
			containerPortal = 62F9F5FB2BA5DAFC00E0C3F3 /* Project object */;
			proxyType = 1;
			remoteGlobalIDString = 62F9F6022BA5DAFC00E0C3F3;
			remoteInfo = BMCinema;
		};
		62F9F6242BA5DAFF00E0C3F3 /* PBXContainerItemProxy */ = {
			isa = PBXContainerItemProxy;
			containerPortal = 62F9F5FB2BA5DAFC00E0C3F3 /* Project object */;
			proxyType = 1;
			remoteGlobalIDString = 62F9F6022BA5DAFC00E0C3F3;
			remoteInfo = BMCinema;
		};
/* End PBXContainerItemProxy section */

/* Begin PBXFileReference section */
		620470752BA7852700A529F5 /* MoviesPaginatedEntity.swift */ = {isa = PBXFileReference; lastKnownFileType = sourcecode.swift; path = MoviesPaginatedEntity.swift; sourceTree = "<group>"; };
		620470772BA7855000A529F5 /* MovieEntity.swift */ = {isa = PBXFileReference; lastKnownFileType = sourcecode.swift; path = MovieEntity.swift; sourceTree = "<group>"; };
		6204707A2BA7858F00A529F5 /* BaseViewController.swift */ = {isa = PBXFileReference; lastKnownFileType = sourcecode.swift; path = BaseViewController.swift; sourceTree = "<group>"; };
		6204707C2BA785FC00A529F5 /* EmptyStateView.swift */ = {isa = PBXFileReference; lastKnownFileType = sourcecode.swift; path = EmptyStateView.swift; sourceTree = "<group>"; };
		620470802BA7874E00A529F5 /* UpcomingMoviesViewModel.swift */ = {isa = PBXFileReference; fileEncoding = 4; lastKnownFileType = sourcecode.swift; path = UpcomingMoviesViewModel.swift; sourceTree = "<group>"; };
		620470822BA7874E00A529F5 /* UpcomingMovieTableViewCell.xib */ = {isa = PBXFileReference; fileEncoding = 4; lastKnownFileType = file.xib; path = UpcomingMovieTableViewCell.xib; sourceTree = "<group>"; };
		620470832BA7874E00A529F5 /* UpcomingMovieTableViewCell.swift */ = {isa = PBXFileReference; fileEncoding = 4; lastKnownFileType = sourcecode.swift; path = UpcomingMovieTableViewCell.swift; sourceTree = "<group>"; };
		620470852BA7874E00A529F5 /* UpcomingMoviesViewController+TV.swift */ = {isa = PBXFileReference; fileEncoding = 4; lastKnownFileType = sourcecode.swift; path = "UpcomingMoviesViewController+TV.swift"; sourceTree = "<group>"; };
		620470862BA7874E00A529F5 /* UpcomingMoviesViewController.xib */ = {isa = PBXFileReference; fileEncoding = 4; lastKnownFileType = file.xib; path = UpcomingMoviesViewController.xib; sourceTree = "<group>"; };
		620470872BA7874E00A529F5 /* UpcomingMoviesViewController+UI.swift */ = {isa = PBXFileReference; fileEncoding = 4; lastKnownFileType = sourcecode.swift; path = "UpcomingMoviesViewController+UI.swift"; sourceTree = "<group>"; };
		620470882BA7874E00A529F5 /* UpcomingMoviesViewController.swift */ = {isa = PBXFileReference; fileEncoding = 4; lastKnownFileType = sourcecode.swift; path = UpcomingMoviesViewController.swift; sourceTree = "<group>"; };
		6204708A2BA7874F00A529F5 /* FetchUpcomingMoviesUseCase.swift */ = {isa = PBXFileReference; fileEncoding = 4; lastKnownFileType = sourcecode.swift; path = FetchUpcomingMoviesUseCase.swift; sourceTree = "<group>"; };
		6204708B2BA7874F00A529F5 /* UpcomingMapper.swift */ = {isa = PBXFileReference; fileEncoding = 4; lastKnownFileType = sourcecode.swift; path = UpcomingMapper.swift; sourceTree = "<group>"; };
		6204708D2BA7874F00A529F5 /* UpcomingMovie.swift */ = {isa = PBXFileReference; fileEncoding = 4; lastKnownFileType = sourcecode.swift; path = UpcomingMovie.swift; sourceTree = "<group>"; };
		6204708E2BA7874F00A529F5 /* UpcomingMoviesPaginatedModel.swift */ = {isa = PBXFileReference; fileEncoding = 4; lastKnownFileType = sourcecode.swift; path = UpcomingMoviesPaginatedModel.swift; sourceTree = "<group>"; };
		620470902BA7874F00A529F5 /* UpcomingMoviesRepo.swift */ = {isa = PBXFileReference; fileEncoding = 4; lastKnownFileType = sourcecode.swift; path = UpcomingMoviesRepo.swift; sourceTree = "<group>"; };
		6204709E2BA7895800A529F5 /* SharedImageCache.swift */ = {isa = PBXFileReference; lastKnownFileType = sourcecode.swift; path = SharedImageCache.swift; sourceTree = "<group>"; };
		620470A62BA78F1600A529F5 /* UpcomingMoviesViewModelTests.swift */ = {isa = PBXFileReference; lastKnownFileType = sourcecode.swift; path = UpcomingMoviesViewModelTests.swift; sourceTree = "<group>"; };
		620470A82BA78FB500A529F5 /* MockUpcomingMovieRepoSuccess.swift */ = {isa = PBXFileReference; lastKnownFileType = sourcecode.swift; path = MockUpcomingMovieRepoSuccess.swift; sourceTree = "<group>"; };
		620470AA2BA7908F00A529F5 /* UpcomingPaginatedMockData.json */ = {isa = PBXFileReference; lastKnownFileType = text.json; path = UpcomingPaginatedMockData.json; sourceTree = "<group>"; };
		620470AE2BA798E900A529F5 /* MockUpcomingMovieRepoError.swift */ = {isa = PBXFileReference; lastKnownFileType = sourcecode.swift; path = MockUpcomingMovieRepoError.swift; sourceTree = "<group>"; };
		620470B02BA79C5B00A529F5 /* UpcomingMoviesViewControllerTests.swift */ = {isa = PBXFileReference; lastKnownFileType = sourcecode.swift; path = UpcomingMoviesViewControllerTests.swift; sourceTree = "<group>"; };
		620470B42BA8280E00A529F5 /* PopularMoviesRepo.swift */ = {isa = PBXFileReference; fileEncoding = 4; lastKnownFileType = sourcecode.swift; path = PopularMoviesRepo.swift; sourceTree = "<group>"; };
		620470B72BA8280E00A529F5 /* PopularMoviesPaginatedModel.swift */ = {isa = PBXFileReference; fileEncoding = 4; lastKnownFileType = sourcecode.swift; path = PopularMoviesPaginatedModel.swift; sourceTree = "<group>"; };
		620470B82BA8280E00A529F5 /* PopularMovie.swift */ = {isa = PBXFileReference; fileEncoding = 4; lastKnownFileType = sourcecode.swift; path = PopularMovie.swift; sourceTree = "<group>"; };
		620470B92BA8280E00A529F5 /* PopularMapper.swift */ = {isa = PBXFileReference; fileEncoding = 4; lastKnownFileType = sourcecode.swift; path = PopularMapper.swift; sourceTree = "<group>"; };
		620470BA2BA8280E00A529F5 /* FetchPopularMoviesUseCase.swift */ = {isa = PBXFileReference; fileEncoding = 4; lastKnownFileType = sourcecode.swift; path = FetchPopularMoviesUseCase.swift; sourceTree = "<group>"; };
		620470C32BA828B500A529F5 /* PopularMoviesViewController.swift */ = {isa = PBXFileReference; lastKnownFileType = sourcecode.swift; path = PopularMoviesViewController.swift; sourceTree = "<group>"; };
		620470C42BA828B500A529F5 /* PopularMoviesViewController.xib */ = {isa = PBXFileReference; lastKnownFileType = file.xib; path = PopularMoviesViewController.xib; sourceTree = "<group>"; };
		620470C72BA8294800A529F5 /* PopularMoviesViewController+UI.swift */ = {isa = PBXFileReference; lastKnownFileType = sourcecode.swift; path = "PopularMoviesViewController+UI.swift"; sourceTree = "<group>"; };
		620470C92BA8295600A529F5 /* PopularMoviesViewController+TV.swift */ = {isa = PBXFileReference; lastKnownFileType = sourcecode.swift; path = "PopularMoviesViewController+TV.swift"; sourceTree = "<group>"; };
		620470CB2BA829D100A529F5 /* PopularMoviesViewModel.swift */ = {isa = PBXFileReference; lastKnownFileType = sourcecode.swift; path = PopularMoviesViewModel.swift; sourceTree = "<group>"; };
		620470CD2BA82A6400A529F5 /* PopularMovieTableViewCell.swift */ = {isa = PBXFileReference; lastKnownFileType = sourcecode.swift; path = PopularMovieTableViewCell.swift; sourceTree = "<group>"; };
		620470CE2BA82A6400A529F5 /* PopularMovieTableViewCell.xib */ = {isa = PBXFileReference; lastKnownFileType = file.xib; path = PopularMovieTableViewCell.xib; sourceTree = "<group>"; };
		620470D32BA8313C00A529F5 /* MockPopularMoviesRepoSuccess.swift */ = {isa = PBXFileReference; lastKnownFileType = sourcecode.swift; path = MockPopularMoviesRepoSuccess.swift; sourceTree = "<group>"; };
		620470D52BA8326300A529F5 /* MockPopularMoviesRepoError.swift */ = {isa = PBXFileReference; lastKnownFileType = sourcecode.swift; path = MockPopularMoviesRepoError.swift; sourceTree = "<group>"; };
		620470D72BA8329900A529F5 /* PopularPaginatedMockData.json */ = {isa = PBXFileReference; lastKnownFileType = text.json; path = PopularPaginatedMockData.json; sourceTree = "<group>"; };
		620470D92BA832B700A529F5 /* PopularMoviesViewModelTests.swift */ = {isa = PBXFileReference; lastKnownFileType = sourcecode.swift; path = PopularMoviesViewModelTests.swift; sourceTree = "<group>"; };
		620470DB2BA832CC00A529F5 /* PopularMoviesViewControllerTests.swift */ = {isa = PBXFileReference; lastKnownFileType = sourcecode.swift; path = PopularMoviesViewControllerTests.swift; sourceTree = "<group>"; };
		620470DF2BA83D9500A529F5 /* NowPlayingMoviesRepo.swift */ = {isa = PBXFileReference; fileEncoding = 4; lastKnownFileType = sourcecode.swift; path = NowPlayingMoviesRepo.swift; sourceTree = "<group>"; };
		620470E22BA83D9500A529F5 /* NowPlayingMoviesPaginatedModel.swift */ = {isa = PBXFileReference; fileEncoding = 4; lastKnownFileType = sourcecode.swift; path = NowPlayingMoviesPaginatedModel.swift; sourceTree = "<group>"; };
		620470E32BA83D9500A529F5 /* NowPlayingMovie.swift */ = {isa = PBXFileReference; fileEncoding = 4; lastKnownFileType = sourcecode.swift; path = NowPlayingMovie.swift; sourceTree = "<group>"; };
		620470E42BA83D9500A529F5 /* FetchNowPlayingMoviesUseCase.swift */ = {isa = PBXFileReference; fileEncoding = 4; lastKnownFileType = sourcecode.swift; path = FetchNowPlayingMoviesUseCase.swift; sourceTree = "<group>"; };
		620470E52BA83D9500A529F5 /* NowPlayingMapper.swift */ = {isa = PBXFileReference; fileEncoding = 4; lastKnownFileType = sourcecode.swift; path = NowPlayingMapper.swift; sourceTree = "<group>"; };
		620470EE2BA83DFE00A529F5 /* NowPlayingViewModel.swift */ = {isa = PBXFileReference; lastKnownFileType = sourcecode.swift; path = NowPlayingViewModel.swift; sourceTree = "<group>"; };
		620470F02BA83E1300A529F5 /* NowPlayingMovieTableViewCell.swift */ = {isa = PBXFileReference; lastKnownFileType = sourcecode.swift; path = NowPlayingMovieTableViewCell.swift; sourceTree = "<group>"; };
		620470F12BA83E1300A529F5 /* NowPlayingMovieTableViewCell.xib */ = {isa = PBXFileReference; lastKnownFileType = file.xib; path = NowPlayingMovieTableViewCell.xib; sourceTree = "<group>"; };
		620470F42BA83E4C00A529F5 /* NowPlayingMoviesViewController.swift */ = {isa = PBXFileReference; lastKnownFileType = sourcecode.swift; path = NowPlayingMoviesViewController.swift; sourceTree = "<group>"; };
		620470F52BA83E4C00A529F5 /* NowPlayingMoviesViewController.xib */ = {isa = PBXFileReference; lastKnownFileType = file.xib; path = NowPlayingMoviesViewController.xib; sourceTree = "<group>"; };
		620470F82BA83E5A00A529F5 /* NowPlayingMoviesViewController+UI.swift */ = {isa = PBXFileReference; lastKnownFileType = sourcecode.swift; path = "NowPlayingMoviesViewController+UI.swift"; sourceTree = "<group>"; };
		620470FA2BA83E6300A529F5 /* NowPlayingMoviesViewController+TV.swift */ = {isa = PBXFileReference; lastKnownFileType = sourcecode.swift; path = "NowPlayingMoviesViewController+TV.swift"; sourceTree = "<group>"; };
		620470FE2BA845BA00A529F5 /* NowPlayingMoviesViewModelTests.swift */ = {isa = PBXFileReference; lastKnownFileType = sourcecode.swift; path = NowPlayingMoviesViewModelTests.swift; sourceTree = "<group>"; };
		620471002BA845C800A529F5 /* NowPlayingMoviesViewControllerTests.swift */ = {isa = PBXFileReference; lastKnownFileType = sourcecode.swift; path = NowPlayingMoviesViewControllerTests.swift; sourceTree = "<group>"; };
		620471022BA845DB00A529F5 /* MockNowPlayingRepoSuccess.swift */ = {isa = PBXFileReference; lastKnownFileType = sourcecode.swift; path = MockNowPlayingRepoSuccess.swift; sourceTree = "<group>"; };
		620471042BA845E700A529F5 /* MockNowPlayingRepoError.swift */ = {isa = PBXFileReference; lastKnownFileType = sourcecode.swift; path = MockNowPlayingRepoError.swift; sourceTree = "<group>"; };
		620471062BA845FC00A529F5 /* NowPlayingPaginatedMockData.json */ = {isa = PBXFileReference; lastKnownFileType = text.json; path = NowPlayingPaginatedMockData.json; sourceTree = "<group>"; };
		6204710A2BA84A4A00A529F5 /* MovieDetailsRepo.swift */ = {isa = PBXFileReference; fileEncoding = 4; lastKnownFileType = sourcecode.swift; path = MovieDetailsRepo.swift; sourceTree = "<group>"; };
		6204710D2BA84A4A00A529F5 /* MovieDetailsModel.swift */ = {isa = PBXFileReference; fileEncoding = 4; lastKnownFileType = sourcecode.swift; path = MovieDetailsModel.swift; sourceTree = "<group>"; };
		6204710E2BA84A4A00A529F5 /* FetchMovieDetailsUseCase.swift */ = {isa = PBXFileReference; fileEncoding = 4; lastKnownFileType = sourcecode.swift; path = FetchMovieDetailsUseCase.swift; sourceTree = "<group>"; };
		620471102BA84A4A00A529F5 /* MovieDetailsViewModel.swift */ = {isa = PBXFileReference; fileEncoding = 4; lastKnownFileType = sourcecode.swift; path = MovieDetailsViewModel.swift; sourceTree = "<group>"; };
		6204711A2BA84AD700A529F5 /* MovieDetailsMapper.swift */ = {isa = PBXFileReference; lastKnownFileType = sourcecode.swift; path = MovieDetailsMapper.swift; sourceTree = "<group>"; };
		6204711C2BA84B4200A529F5 /* MovieDetailsView.swift */ = {isa = PBXFileReference; lastKnownFileType = sourcecode.swift; path = MovieDetailsView.swift; sourceTree = "<group>"; };
		620471202BA8533C00A529F5 /* GenreEntity.swift */ = {isa = PBXFileReference; lastKnownFileType = sourcecode.swift; path = GenreEntity.swift; sourceTree = "<group>"; };
		620471262BA8542000A529F5 /* MovieGenreModel.swift */ = {isa = PBXFileReference; lastKnownFileType = sourcecode.swift; path = MovieGenreModel.swift; sourceTree = "<group>"; };
		620471292BA8610C00A529F5 /* Double+Ext.swift */ = {isa = PBXFileReference; lastKnownFileType = sourcecode.swift; path = "Double+Ext.swift"; sourceTree = "<group>"; };
		6204712C2BA8653C00A529F5 /* EmptyStateSwiftUIView.swift */ = {isa = PBXFileReference; lastKnownFileType = sourcecode.swift; path = EmptyStateSwiftUIView.swift; sourceTree = "<group>"; };
		620471302BA86D2600A529F5 /* MockMovieDetailsRepoSuccess.swift */ = {isa = PBXFileReference; lastKnownFileType = sourcecode.swift; path = MockMovieDetailsRepoSuccess.swift; sourceTree = "<group>"; };
		620471342BA86E4E00A529F5 /* MockMovieDetailsRepoError.swift */ = {isa = PBXFileReference; lastKnownFileType = sourcecode.swift; path = MockMovieDetailsRepoError.swift; sourceTree = "<group>"; };
		620471362BA86F4900A529F5 /* MovieDetailsViewModelTests.swift */ = {isa = PBXFileReference; lastKnownFileType = sourcecode.swift; path = MovieDetailsViewModelTests.swift; sourceTree = "<group>"; };
		6204713A2BA872B000A529F5 /* MovieDetailsMockData.json */ = {isa = PBXFileReference; lastKnownFileType = text.json; path = MovieDetailsMockData.json; sourceTree = "<group>"; };
		6204713E2BA874A500A529F5 /* UpcomingMoviesUITests.swift */ = {isa = PBXFileReference; lastKnownFileType = sourcecode.swift; path = UpcomingMoviesUITests.swift; sourceTree = "<group>"; };
		620471402BA87EA900A529F5 /* NowPlayingMoviesUITests.swift */ = {isa = PBXFileReference; lastKnownFileType = sourcecode.swift; path = NowPlayingMoviesUITests.swift; sourceTree = "<group>"; };
		620471422BA87F4700A529F5 /* PopularMoviesUITests.swift */ = {isa = PBXFileReference; lastKnownFileType = sourcecode.swift; path = PopularMoviesUITests.swift; sourceTree = "<group>"; };
		62069FA52BA6B07D0094C90B /* RequestManager.swift */ = {isa = PBXFileReference; lastKnownFileType = sourcecode.swift; path = RequestManager.swift; sourceTree = "<group>"; };
		62069FA72BA6B0910094C90B /* APIManager.swift */ = {isa = PBXFileReference; lastKnownFileType = sourcecode.swift; path = APIManager.swift; sourceTree = "<group>"; };
		62069FA92BA6B0AE0094C90B /* NetworkRechability.swift */ = {isa = PBXFileReference; lastKnownFileType = sourcecode.swift; path = NetworkRechability.swift; sourceTree = "<group>"; };
		62069FAB2BA6B0DE0094C90B /* RequestProtocol.swift */ = {isa = PBXFileReference; lastKnownFileType = sourcecode.swift; path = RequestProtocol.swift; sourceTree = "<group>"; };
		62069FAD2BA6B0ED0094C90B /* RequestType.swift */ = {isa = PBXFileReference; lastKnownFileType = sourcecode.swift; path = RequestType.swift; sourceTree = "<group>"; };
		62069FAF2BA6B12D0094C90B /* APIConstants.swift */ = {isa = PBXFileReference; lastKnownFileType = sourcecode.swift; path = APIConstants.swift; sourceTree = "<group>"; };
		62069FB12BA6B1540094C90B /* DataParser.swift */ = {isa = PBXFileReference; lastKnownFileType = sourcecode.swift; path = DataParser.swift; sourceTree = "<group>"; };
		62069FB32BA6B1650094C90B /* NetworkError.swift */ = {isa = PBXFileReference; lastKnownFileType = sourcecode.swift; path = NetworkError.swift; sourceTree = "<group>"; };
		62069FB52BA6B1A80094C90B /* APIsPaths.swift */ = {isa = PBXFileReference; lastKnownFileType = sourcecode.swift; path = APIsPaths.swift; sourceTree = "<group>"; };
		62069FB72BA6B1CC0094C90B /* MovieRequests.swift */ = {isa = PBXFileReference; lastKnownFileType = sourcecode.swift; path = MovieRequests.swift; sourceTree = "<group>"; };
		6270441F2BA6D63800FE92E7 /* NowPlayingCoordinator.swift */ = {isa = PBXFileReference; lastKnownFileType = sourcecode.swift; path = NowPlayingCoordinator.swift; sourceTree = "<group>"; };
		627044212BA6D64D00FE92E7 /* UpcomingCoordinator.swift */ = {isa = PBXFileReference; lastKnownFileType = sourcecode.swift; path = UpcomingCoordinator.swift; sourceTree = "<group>"; };
		627044232BA6D66600FE92E7 /* PopularCoordinator.swift */ = {isa = PBXFileReference; lastKnownFileType = sourcecode.swift; path = PopularCoordinator.swift; sourceTree = "<group>"; };
		62F9F6032BA5DAFC00E0C3F3 /* BMCinema.app */ = {isa = PBXFileReference; explicitFileType = wrapper.application; includeInIndex = 0; path = BMCinema.app; sourceTree = BUILT_PRODUCTS_DIR; };
		62F9F6062BA5DAFC00E0C3F3 /* AppDelegate.swift */ = {isa = PBXFileReference; lastKnownFileType = sourcecode.swift; path = AppDelegate.swift; sourceTree = "<group>"; };
		62F9F6082BA5DAFC00E0C3F3 /* SceneDelegate.swift */ = {isa = PBXFileReference; lastKnownFileType = sourcecode.swift; path = SceneDelegate.swift; sourceTree = "<group>"; };
		62F9F60F2BA5DAFF00E0C3F3 /* Assets.xcassets */ = {isa = PBXFileReference; lastKnownFileType = folder.assetcatalog; path = Assets.xcassets; sourceTree = "<group>"; };
		62F9F6122BA5DAFF00E0C3F3 /* Base */ = {isa = PBXFileReference; lastKnownFileType = file.storyboard; name = Base; path = Base.lproj/LaunchScreen.storyboard; sourceTree = "<group>"; };
		62F9F6142BA5DAFF00E0C3F3 /* Info.plist */ = {isa = PBXFileReference; lastKnownFileType = text.plist.xml; path = Info.plist; sourceTree = "<group>"; };
		62F9F6192BA5DAFF00E0C3F3 /* BMCinemaTests.xctest */ = {isa = PBXFileReference; explicitFileType = wrapper.cfbundle; includeInIndex = 0; path = BMCinemaTests.xctest; sourceTree = BUILT_PRODUCTS_DIR; };
		62F9F6232BA5DAFF00E0C3F3 /* BMCinemaUITests.xctest */ = {isa = PBXFileReference; explicitFileType = wrapper.cfbundle; includeInIndex = 0; path = BMCinemaUITests.xctest; sourceTree = BUILT_PRODUCTS_DIR; };
		62F9F6292BA5DAFF00E0C3F3 /* BMCinemaUITestsLaunchTests.swift */ = {isa = PBXFileReference; lastKnownFileType = sourcecode.swift; path = BMCinemaUITestsLaunchTests.swift; sourceTree = "<group>"; };
		62F9F6392BA5DB5900E0C3F3 /* AppConstants.swift */ = {isa = PBXFileReference; lastKnownFileType = sourcecode.swift; path = AppConstants.swift; sourceTree = "<group>"; };
		62F9F63E2BA5DB8C00E0C3F3 /* AppCoordinator.swift */ = {isa = PBXFileReference; lastKnownFileType = sourcecode.swift; path = AppCoordinator.swift; sourceTree = "<group>"; };
/* End PBXFileReference section */

/* Begin PBXFrameworksBuildPhase section */
		62F9F6002BA5DAFC00E0C3F3 /* Frameworks */ = {
			isa = PBXFrameworksBuildPhase;
			buildActionMask = 2147483647;
			files = (
			);
			runOnlyForDeploymentPostprocessing = 0;
		};
		62F9F6162BA5DAFF00E0C3F3 /* Frameworks */ = {
			isa = PBXFrameworksBuildPhase;
			buildActionMask = 2147483647;
			files = (
			);
			runOnlyForDeploymentPostprocessing = 0;
		};
		62F9F6202BA5DAFF00E0C3F3 /* Frameworks */ = {
			isa = PBXFrameworksBuildPhase;
			buildActionMask = 2147483647;
			files = (
			);
			runOnlyForDeploymentPostprocessing = 0;
		};
/* End PBXFrameworksBuildPhase section */

/* Begin PBXGroup section */
		620470792BA7857A00A529F5 /* Shared Views */ = {
			isa = PBXGroup;
			children = (
				6204707A2BA7858F00A529F5 /* BaseViewController.swift */,
				6204712B2BA8652900A529F5 /* EmptyStateView */,
			);
			path = "Shared Views";
			sourceTree = "<group>";
		};
		6204707F2BA7874E00A529F5 /* Presentation */ = {
			isa = PBXGroup;
			children = (
				620470802BA7874E00A529F5 /* UpcomingMoviesViewModel.swift */,
				620470812BA7874E00A529F5 /* CustomViews */,
				620470842BA7874E00A529F5 /* View */,
			);
			path = Presentation;
			sourceTree = "<group>";
		};
		620470812BA7874E00A529F5 /* CustomViews */ = {
			isa = PBXGroup;
			children = (
				620470822BA7874E00A529F5 /* UpcomingMovieTableViewCell.xib */,
				620470832BA7874E00A529F5 /* UpcomingMovieTableViewCell.swift */,
			);
			path = CustomViews;
			sourceTree = "<group>";
		};
		620470842BA7874E00A529F5 /* View */ = {
			isa = PBXGroup;
			children = (
				620470882BA7874E00A529F5 /* UpcomingMoviesViewController.swift */,
				620470872BA7874E00A529F5 /* UpcomingMoviesViewController+UI.swift */,
				620470852BA7874E00A529F5 /* UpcomingMoviesViewController+TV.swift */,
				620470862BA7874E00A529F5 /* UpcomingMoviesViewController.xib */,
			);
			path = View;
			sourceTree = "<group>";
		};
		620470892BA7874F00A529F5 /* Domain */ = {
			isa = PBXGroup;
			children = (
				6204708A2BA7874F00A529F5 /* FetchUpcomingMoviesUseCase.swift */,
				6204708B2BA7874F00A529F5 /* UpcomingMapper.swift */,
				6204708C2BA7874F00A529F5 /* Models */,
			);
			path = Domain;
			sourceTree = "<group>";
		};
		6204708C2BA7874F00A529F5 /* Models */ = {
			isa = PBXGroup;
			children = (
				6204708D2BA7874F00A529F5 /* UpcomingMovie.swift */,
				6204708E2BA7874F00A529F5 /* UpcomingMoviesPaginatedModel.swift */,
			);
			path = Models;
			sourceTree = "<group>";
		};
		6204708F2BA7874F00A529F5 /* Data */ = {
			isa = PBXGroup;
			children = (
				620470902BA7874F00A529F5 /* UpcomingMoviesRepo.swift */,
			);
			path = Data;
			sourceTree = "<group>";
		};
		6204709D2BA7894200A529F5 /* Cache */ = {
			isa = PBXGroup;
			children = (
				6204709E2BA7895800A529F5 /* SharedImageCache.swift */,
			);
			path = Cache;
			sourceTree = "<group>";
		};
		620470A02BA78C7200A529F5 /* Upcoming */ = {
			isa = PBXGroup;
			children = (
				6204707F2BA7874E00A529F5 /* Presentation */,
				620470892BA7874F00A529F5 /* Domain */,
				6204708F2BA7874F00A529F5 /* Data */,
			);
			path = Upcoming;
			sourceTree = "<group>";
		};
		620470A12BA78E6200A529F5 /* UpcomingFeatureTests */ = {
			isa = PBXGroup;
			children = (
				620470A62BA78F1600A529F5 /* UpcomingMoviesViewModelTests.swift */,
				620470B02BA79C5B00A529F5 /* UpcomingMoviesViewControllerTests.swift */,
				620470A22BA78E7700A529F5 /* Mocks */,
			);
			path = UpcomingFeatureTests;
			sourceTree = "<group>";
		};
		620470A22BA78E7700A529F5 /* Mocks */ = {
			isa = PBXGroup;
			children = (
				620470A82BA78FB500A529F5 /* MockUpcomingMovieRepoSuccess.swift */,
				620470AA2BA7908F00A529F5 /* UpcomingPaginatedMockData.json */,
				620470AE2BA798E900A529F5 /* MockUpcomingMovieRepoError.swift */,
			);
			path = Mocks;
			sourceTree = "<group>";
		};
		620470B22BA8280E00A529F5 /* Popular */ = {
			isa = PBXGroup;
			children = (
				620470BB2BA8280E00A529F5 /* Presentation */,
				620470B52BA8280E00A529F5 /* Domain */,
				620470B32BA8280E00A529F5 /* Data */,
			);
			path = Popular;
			sourceTree = "<group>";
		};
		620470B32BA8280E00A529F5 /* Data */ = {
			isa = PBXGroup;
			children = (
				620470B42BA8280E00A529F5 /* PopularMoviesRepo.swift */,
			);
			path = Data;
			sourceTree = "<group>";
		};
		620470B52BA8280E00A529F5 /* Domain */ = {
			isa = PBXGroup;
			children = (
				620470BA2BA8280E00A529F5 /* FetchPopularMoviesUseCase.swift */,
				620470B92BA8280E00A529F5 /* PopularMapper.swift */,
				620470B62BA8280E00A529F5 /* Models */,
			);
			path = Domain;
			sourceTree = "<group>";
		};
		620470B62BA8280E00A529F5 /* Models */ = {
			isa = PBXGroup;
			children = (
				620470B72BA8280E00A529F5 /* PopularMoviesPaginatedModel.swift */,
				620470B82BA8280E00A529F5 /* PopularMovie.swift */,
			);
			path = Models;
			sourceTree = "<group>";
		};
		620470BB2BA8280E00A529F5 /* Presentation */ = {
			isa = PBXGroup;
			children = (
				620470C12BA8288600A529F5 /* View */,
				620470C22BA8288900A529F5 /* CustomViews */,
				620470CB2BA829D100A529F5 /* PopularMoviesViewModel.swift */,
			);
			path = Presentation;
			sourceTree = "<group>";
		};
		620470C12BA8288600A529F5 /* View */ = {
			isa = PBXGroup;
			children = (
				620470C32BA828B500A529F5 /* PopularMoviesViewController.swift */,
				620470C42BA828B500A529F5 /* PopularMoviesViewController.xib */,
				620470C72BA8294800A529F5 /* PopularMoviesViewController+UI.swift */,
				620470C92BA8295600A529F5 /* PopularMoviesViewController+TV.swift */,
			);
			path = View;
			sourceTree = "<group>";
		};
		620470C22BA8288900A529F5 /* CustomViews */ = {
			isa = PBXGroup;
			children = (
				620470CD2BA82A6400A529F5 /* PopularMovieTableViewCell.swift */,
				620470CE2BA82A6400A529F5 /* PopularMovieTableViewCell.xib */,
			);
			path = CustomViews;
			sourceTree = "<group>";
		};
		620470D12BA8310E00A529F5 /* PopularFeatureTests */ = {
			isa = PBXGroup;
			children = (
				620470D92BA832B700A529F5 /* PopularMoviesViewModelTests.swift */,
				620470DB2BA832CC00A529F5 /* PopularMoviesViewControllerTests.swift */,
				620470D22BA8311800A529F5 /* Mocks */,
			);
			path = PopularFeatureTests;
			sourceTree = "<group>";
		};
		620470D22BA8311800A529F5 /* Mocks */ = {
			isa = PBXGroup;
			children = (
				620470D32BA8313C00A529F5 /* MockPopularMoviesRepoSuccess.swift */,
				620470D52BA8326300A529F5 /* MockPopularMoviesRepoError.swift */,
				620470D72BA8329900A529F5 /* PopularPaginatedMockData.json */,
			);
			path = Mocks;
			sourceTree = "<group>";
		};
		620470DD2BA83D9500A529F5 /* Now Playing */ = {
			isa = PBXGroup;
			children = (
				620470E62BA83D9500A529F5 /* Presentation */,
				620470E02BA83D9500A529F5 /* Domain */,
				620470DE2BA83D9500A529F5 /* Data */,
			);
			path = "Now Playing";
			sourceTree = "<group>";
		};
		620470DE2BA83D9500A529F5 /* Data */ = {
			isa = PBXGroup;
			children = (
				620470DF2BA83D9500A529F5 /* NowPlayingMoviesRepo.swift */,
			);
			path = Data;
			sourceTree = "<group>";
		};
		620470E02BA83D9500A529F5 /* Domain */ = {
			isa = PBXGroup;
			children = (
				620470E12BA83D9500A529F5 /* Models */,
				620470E42BA83D9500A529F5 /* FetchNowPlayingMoviesUseCase.swift */,
				620470E52BA83D9500A529F5 /* NowPlayingMapper.swift */,
			);
			path = Domain;
			sourceTree = "<group>";
		};
		620470E12BA83D9500A529F5 /* Models */ = {
			isa = PBXGroup;
			children = (
				620470E22BA83D9500A529F5 /* NowPlayingMoviesPaginatedModel.swift */,
				620470E32BA83D9500A529F5 /* NowPlayingMovie.swift */,
			);
			path = Models;
			sourceTree = "<group>";
		};
		620470E62BA83D9500A529F5 /* Presentation */ = {
			isa = PBXGroup;
			children = (
				620470EC2BA83DE800A529F5 /* View */,
				620470ED2BA83DEC00A529F5 /* CustomViews */,
				620470EE2BA83DFE00A529F5 /* NowPlayingViewModel.swift */,
			);
			path = Presentation;
			sourceTree = "<group>";
		};
		620470EC2BA83DE800A529F5 /* View */ = {
			isa = PBXGroup;
			children = (
				620470F42BA83E4C00A529F5 /* NowPlayingMoviesViewController.swift */,
				620470F52BA83E4C00A529F5 /* NowPlayingMoviesViewController.xib */,
				620470F82BA83E5A00A529F5 /* NowPlayingMoviesViewController+UI.swift */,
				620470FA2BA83E6300A529F5 /* NowPlayingMoviesViewController+TV.swift */,
			);
			path = View;
			sourceTree = "<group>";
		};
		620470ED2BA83DEC00A529F5 /* CustomViews */ = {
			isa = PBXGroup;
			children = (
				620470F02BA83E1300A529F5 /* NowPlayingMovieTableViewCell.swift */,
				620470F12BA83E1300A529F5 /* NowPlayingMovieTableViewCell.xib */,
			);
			path = CustomViews;
			sourceTree = "<group>";
		};
		620470FC2BA8459F00A529F5 /* NowPlayingFeatureTests */ = {
			isa = PBXGroup;
			children = (
				620471002BA845C800A529F5 /* NowPlayingMoviesViewControllerTests.swift */,
				620470FE2BA845BA00A529F5 /* NowPlayingMoviesViewModelTests.swift */,
				620470FD2BA845AC00A529F5 /* Mocks */,
			);
			path = NowPlayingFeatureTests;
			sourceTree = "<group>";
		};
		620470FD2BA845AC00A529F5 /* Mocks */ = {
			isa = PBXGroup;
			children = (
				620471022BA845DB00A529F5 /* MockNowPlayingRepoSuccess.swift */,
				620471042BA845E700A529F5 /* MockNowPlayingRepoError.swift */,
				620471062BA845FC00A529F5 /* NowPlayingPaginatedMockData.json */,
			);
			path = Mocks;
			sourceTree = "<group>";
		};
		620471082BA84A4A00A529F5 /* Movie Details */ = {
			isa = PBXGroup;
			children = (
				6204710F2BA84A4A00A529F5 /* Presentation */,
				6204710B2BA84A4A00A529F5 /* Domain */,
				620471092BA84A4A00A529F5 /* Data */,
			);
			path = "Movie Details";
			sourceTree = "<group>";
		};
		620471092BA84A4A00A529F5 /* Data */ = {
			isa = PBXGroup;
			children = (
				6204710A2BA84A4A00A529F5 /* MovieDetailsRepo.swift */,
			);
			path = Data;
			sourceTree = "<group>";
		};
		6204710B2BA84A4A00A529F5 /* Domain */ = {
			isa = PBXGroup;
			children = (
				6204710E2BA84A4A00A529F5 /* FetchMovieDetailsUseCase.swift */,
				6204711A2BA84AD700A529F5 /* MovieDetailsMapper.swift */,
				6204710C2BA84A4A00A529F5 /* Models */,
			);
			path = Domain;
			sourceTree = "<group>";
		};
		6204710C2BA84A4A00A529F5 /* Models */ = {
			isa = PBXGroup;
			children = (
				6204710D2BA84A4A00A529F5 /* MovieDetailsModel.swift */,
				620471262BA8542000A529F5 /* MovieGenreModel.swift */,
			);
			path = Models;
			sourceTree = "<group>";
		};
		6204710F2BA84A4A00A529F5 /* Presentation */ = {
			isa = PBXGroup;
			children = (
				620471102BA84A4A00A529F5 /* MovieDetailsViewModel.swift */,
				620471112BA84A4A00A529F5 /* View */,
			);
			path = Presentation;
			sourceTree = "<group>";
		};
		620471112BA84A4A00A529F5 /* View */ = {
			isa = PBXGroup;
			children = (
				6204711C2BA84B4200A529F5 /* MovieDetailsView.swift */,
			);
			path = View;
			sourceTree = "<group>";
		};
		620471282BA860FE00A529F5 /* Extensions */ = {
			isa = PBXGroup;
			children = (
				620471292BA8610C00A529F5 /* Double+Ext.swift */,
			);
			path = Extensions;
			sourceTree = "<group>";
		};
		6204712B2BA8652900A529F5 /* EmptyStateView */ = {
			isa = PBXGroup;
			children = (
				6204707C2BA785FC00A529F5 /* EmptyStateView.swift */,
				6204712C2BA8653C00A529F5 /* EmptyStateSwiftUIView.swift */,
			);
			path = EmptyStateView;
			sourceTree = "<group>";
		};
		6204712E2BA86CDC00A529F5 /* MovieDetailsFeatureTests */ = {
			isa = PBXGroup;
			children = (
				620471362BA86F4900A529F5 /* MovieDetailsViewModelTests.swift */,
				6204712F2BA86CF500A529F5 /* Mocks */,
			);
			path = MovieDetailsFeatureTests;
			sourceTree = "<group>";
		};
		6204712F2BA86CF500A529F5 /* Mocks */ = {
			isa = PBXGroup;
			children = (
				620471302BA86D2600A529F5 /* MockMovieDetailsRepoSuccess.swift */,
				620471342BA86E4E00A529F5 /* MockMovieDetailsRepoError.swift */,
				6204713A2BA872B000A529F5 /* MovieDetailsMockData.json */,
			);
			path = Mocks;
			sourceTree = "<group>";
		};
		62069F9C2BA6AFA90094C90B /* AppDelegate */ = {
			isa = PBXGroup;
			children = (
				62F9F6062BA5DAFC00E0C3F3 /* AppDelegate.swift */,
				62F9F6082BA5DAFC00E0C3F3 /* SceneDelegate.swift */,
			);
			path = AppDelegate;
			sourceTree = "<group>";
		};
		62069F9D2BA6AFC80094C90B /* Coordinators */ = {
			isa = PBXGroup;
			children = (
				62F9F63E2BA5DB8C00E0C3F3 /* AppCoordinator.swift */,
				6270441F2BA6D63800FE92E7 /* NowPlayingCoordinator.swift */,
				627044232BA6D66600FE92E7 /* PopularCoordinator.swift */,
				627044212BA6D64D00FE92E7 /* UpcomingCoordinator.swift */,
			);
			path = Coordinators;
			sourceTree = "<group>";
		};
		62069F9E2BA6AFDE0094C90B /* Network */ = {
			isa = PBXGroup;
			children = (
				62069FAF2BA6B12D0094C90B /* APIConstants.swift */,
				62069F9F2BA6B0270094C90B /* Network Manager */,
				62069FA02BA6B0300094C90B /* Requests */,
				62069FA12BA6B03D0094C90B /* Common Entities */,
			);
			path = Network;
			sourceTree = "<group>";
		};
		62069F9F2BA6B0270094C90B /* Network Manager */ = {
			isa = PBXGroup;
			children = (
				62069FA22BA6B0550094C90B /* Managers */,
				62069FA42BA6B05D0094C90B /* Request */,
				62069FA32BA6B0590094C90B /* Response */,
			);
			path = "Network Manager";
			sourceTree = "<group>";
		};
		62069FA02BA6B0300094C90B /* Requests */ = {
			isa = PBXGroup;
			children = (
				62069FB52BA6B1A80094C90B /* APIsPaths.swift */,
				62069FB72BA6B1CC0094C90B /* MovieRequests.swift */,
			);
			path = Requests;
			sourceTree = "<group>";
		};
		62069FA12BA6B03D0094C90B /* Common Entities */ = {
			isa = PBXGroup;
			children = (
				620470752BA7852700A529F5 /* MoviesPaginatedEntity.swift */,
				620470772BA7855000A529F5 /* MovieEntity.swift */,
				620471202BA8533C00A529F5 /* GenreEntity.swift */,
			);
			path = "Common Entities";
			sourceTree = "<group>";
		};
		62069FA22BA6B0550094C90B /* Managers */ = {
			isa = PBXGroup;
			children = (
				62069FA52BA6B07D0094C90B /* RequestManager.swift */,
				62069FA72BA6B0910094C90B /* APIManager.swift */,
				62069FA92BA6B0AE0094C90B /* NetworkRechability.swift */,
			);
			path = Managers;
			sourceTree = "<group>";
		};
		62069FA32BA6B0590094C90B /* Response */ = {
			isa = PBXGroup;
			children = (
				62069FB12BA6B1540094C90B /* DataParser.swift */,
				62069FB32BA6B1650094C90B /* NetworkError.swift */,
			);
			path = Response;
			sourceTree = "<group>";
		};
		62069FA42BA6B05D0094C90B /* Request */ = {
			isa = PBXGroup;
			children = (
				62069FAB2BA6B0DE0094C90B /* RequestProtocol.swift */,
				62069FAD2BA6B0ED0094C90B /* RequestType.swift */,
			);
			path = Request;
			sourceTree = "<group>";
		};
		62F9F5FA2BA5DAFC00E0C3F3 = {
			isa = PBXGroup;
			children = (
				62F9F6052BA5DAFC00E0C3F3 /* BMCinema */,
				62F9F61C2BA5DAFF00E0C3F3 /* BMCinemaTests */,
				62F9F6262BA5DAFF00E0C3F3 /* BMCinemaUITests */,
				62F9F6042BA5DAFC00E0C3F3 /* Products */,
			);
			sourceTree = "<group>";
		};
		62F9F6042BA5DAFC00E0C3F3 /* Products */ = {
			isa = PBXGroup;
			children = (
				62F9F6032BA5DAFC00E0C3F3 /* BMCinema.app */,
				62F9F6192BA5DAFF00E0C3F3 /* BMCinemaTests.xctest */,
				62F9F6232BA5DAFF00E0C3F3 /* BMCinemaUITests.xctest */,
			);
			name = Products;
			sourceTree = "<group>";
		};
		62F9F6052BA5DAFC00E0C3F3 /* BMCinema */ = {
			isa = PBXGroup;
			children = (
				62F9F6372BA5DB3F00E0C3F3 /* Features */,
				62F9F6382BA5DB4600E0C3F3 /* Shared */,
				62069F9E2BA6AFDE0094C90B /* Network */,
				62F9F6362BA5DB1200E0C3F3 /* Resources */,
			);
			path = BMCinema;
			sourceTree = "<group>";
		};
		62F9F61C2BA5DAFF00E0C3F3 /* BMCinemaTests */ = {
			isa = PBXGroup;
			children = (
				620470FC2BA8459F00A529F5 /* NowPlayingFeatureTests */,
				620470D12BA8310E00A529F5 /* PopularFeatureTests */,
				620470A12BA78E6200A529F5 /* UpcomingFeatureTests */,
				6204712E2BA86CDC00A529F5 /* MovieDetailsFeatureTests */,
			);
			path = BMCinemaTests;
			sourceTree = "<group>";
		};
		62F9F6262BA5DAFF00E0C3F3 /* BMCinemaUITests */ = {
			isa = PBXGroup;
			children = (
				62F9F6292BA5DAFF00E0C3F3 /* BMCinemaUITestsLaunchTests.swift */,
				6204713E2BA874A500A529F5 /* UpcomingMoviesUITests.swift */,
				620471402BA87EA900A529F5 /* NowPlayingMoviesUITests.swift */,
				620471422BA87F4700A529F5 /* PopularMoviesUITests.swift */,
			);
			path = BMCinemaUITests;
			sourceTree = "<group>";
		};
		62F9F6362BA5DB1200E0C3F3 /* Resources */ = {
			isa = PBXGroup;
			children = (
				62069F9C2BA6AFA90094C90B /* AppDelegate */,
				62F9F60F2BA5DAFF00E0C3F3 /* Assets.xcassets */,
				62F9F6112BA5DAFF00E0C3F3 /* LaunchScreen.storyboard */,
				62F9F6142BA5DAFF00E0C3F3 /* Info.plist */,
			);
			path = Resources;
			sourceTree = "<group>";
		};
		62F9F6372BA5DB3F00E0C3F3 /* Features */ = {
			isa = PBXGroup;
			children = (
				620470DD2BA83D9500A529F5 /* Now Playing */,
				620470B22BA8280E00A529F5 /* Popular */,
				620470A02BA78C7200A529F5 /* Upcoming */,
				620471082BA84A4A00A529F5 /* Movie Details */,
			);
			path = Features;
			sourceTree = "<group>";
		};
		62F9F6382BA5DB4600E0C3F3 /* Shared */ = {
			isa = PBXGroup;
			children = (
				62F9F6392BA5DB5900E0C3F3 /* AppConstants.swift */,
				62069F9D2BA6AFC80094C90B /* Coordinators */,
				62F9F63B2BA5DB6600E0C3F3 /* Presentation */,
				620471282BA860FE00A529F5 /* Extensions */,
			);
			path = Shared;
			sourceTree = "<group>";
		};
		62F9F63B2BA5DB6600E0C3F3 /* Presentation */ = {
			isa = PBXGroup;
			children = (
				620470792BA7857A00A529F5 /* Shared Views */,
				6204709D2BA7894200A529F5 /* Cache */,
			);
			path = Presentation;
			sourceTree = "<group>";
		};
/* End PBXGroup section */

/* Begin PBXNativeTarget section */
		62F9F6022BA5DAFC00E0C3F3 /* BMCinema */ = {
			isa = PBXNativeTarget;
			buildConfigurationList = 62F9F62D2BA5DAFF00E0C3F3 /* Build configuration list for PBXNativeTarget "BMCinema" */;
			buildPhases = (
				62F9F5FF2BA5DAFC00E0C3F3 /* Sources */,
				62F9F6002BA5DAFC00E0C3F3 /* Frameworks */,
				62F9F6012BA5DAFC00E0C3F3 /* Resources */,
			);
			buildRules = (
			);
			dependencies = (
			);
			name = BMCinema;
			productName = BMCinema;
			productReference = 62F9F6032BA5DAFC00E0C3F3 /* BMCinema.app */;
			productType = "com.apple.product-type.application";
		};
		62F9F6182BA5DAFF00E0C3F3 /* BMCinemaTests */ = {
			isa = PBXNativeTarget;
			buildConfigurationList = 62F9F6302BA5DAFF00E0C3F3 /* Build configuration list for PBXNativeTarget "BMCinemaTests" */;
			buildPhases = (
				62F9F6152BA5DAFF00E0C3F3 /* Sources */,
				62F9F6162BA5DAFF00E0C3F3 /* Frameworks */,
				62F9F6172BA5DAFF00E0C3F3 /* Resources */,
			);
			buildRules = (
			);
			dependencies = (
				62F9F61B2BA5DAFF00E0C3F3 /* PBXTargetDependency */,
			);
			name = BMCinemaTests;
			productName = BMCinemaTests;
			productReference = 62F9F6192BA5DAFF00E0C3F3 /* BMCinemaTests.xctest */;
			productType = "com.apple.product-type.bundle.unit-test";
		};
		62F9F6222BA5DAFF00E0C3F3 /* BMCinemaUITests */ = {
			isa = PBXNativeTarget;
			buildConfigurationList = 62F9F6332BA5DAFF00E0C3F3 /* Build configuration list for PBXNativeTarget "BMCinemaUITests" */;
			buildPhases = (
				62F9F61F2BA5DAFF00E0C3F3 /* Sources */,
				62F9F6202BA5DAFF00E0C3F3 /* Frameworks */,
				62F9F6212BA5DAFF00E0C3F3 /* Resources */,
			);
			buildRules = (
			);
			dependencies = (
				62F9F6252BA5DAFF00E0C3F3 /* PBXTargetDependency */,
			);
			name = BMCinemaUITests;
			productName = BMCinemaUITests;
			productReference = 62F9F6232BA5DAFF00E0C3F3 /* BMCinemaUITests.xctest */;
			productType = "com.apple.product-type.bundle.ui-testing";
		};
/* End PBXNativeTarget section */

/* Begin PBXProject section */
		62F9F5FB2BA5DAFC00E0C3F3 /* Project object */ = {
			isa = PBXProject;
			attributes = {
				BuildIndependentTargetsInParallel = 1;
				LastSwiftUpdateCheck = 1510;
				LastUpgradeCheck = 1510;
				TargetAttributes = {
					62F9F6022BA5DAFC00E0C3F3 = {
						CreatedOnToolsVersion = 15.1;
					};
					62F9F6182BA5DAFF00E0C3F3 = {
						CreatedOnToolsVersion = 15.1;
						LastSwiftMigration = 1510;
						TestTargetID = 62F9F6022BA5DAFC00E0C3F3;
					};
					62F9F6222BA5DAFF00E0C3F3 = {
						CreatedOnToolsVersion = 15.1;
						TestTargetID = 62F9F6022BA5DAFC00E0C3F3;
					};
				};
			};
			buildConfigurationList = 62F9F5FE2BA5DAFC00E0C3F3 /* Build configuration list for PBXProject "BMCinema" */;
			compatibilityVersion = "Xcode 14.0";
			developmentRegion = en;
			hasScannedForEncodings = 0;
			knownRegions = (
				en,
				Base,
			);
			mainGroup = 62F9F5FA2BA5DAFC00E0C3F3;
			productRefGroup = 62F9F6042BA5DAFC00E0C3F3 /* Products */;
			projectDirPath = "";
			projectRoot = "";
			targets = (
				62F9F6022BA5DAFC00E0C3F3 /* BMCinema */,
				62F9F6182BA5DAFF00E0C3F3 /* BMCinemaTests */,
				62F9F6222BA5DAFF00E0C3F3 /* BMCinemaUITests */,
			);
		};
/* End PBXProject section */

/* Begin PBXResourcesBuildPhase section */
		62F9F6012BA5DAFC00E0C3F3 /* Resources */ = {
			isa = PBXResourcesBuildPhase;
			buildActionMask = 2147483647;
			files = (
				62F9F6132BA5DAFF00E0C3F3 /* LaunchScreen.storyboard in Resources */,
				620470F72BA83E4C00A529F5 /* NowPlayingMoviesViewController.xib in Resources */,
				620470922BA7874F00A529F5 /* UpcomingMovieTableViewCell.xib in Resources */,
				620470F32BA83E1300A529F5 /* NowPlayingMovieTableViewCell.xib in Resources */,
				620470D02BA82A6400A529F5 /* PopularMovieTableViewCell.xib in Resources */,
				620470952BA7874F00A529F5 /* UpcomingMoviesViewController.xib in Resources */,
				620470C62BA828B500A529F5 /* PopularMoviesViewController.xib in Resources */,
				62F9F6102BA5DAFF00E0C3F3 /* Assets.xcassets in Resources */,
			);
			runOnlyForDeploymentPostprocessing = 0;
		};
		62F9F6172BA5DAFF00E0C3F3 /* Resources */ = {
			isa = PBXResourcesBuildPhase;
			buildActionMask = 2147483647;
			files = (
				620471072BA845FC00A529F5 /* NowPlayingPaginatedMockData.json in Resources */,
				620470AB2BA7908F00A529F5 /* UpcomingPaginatedMockData.json in Resources */,
				620470D82BA8329900A529F5 /* PopularPaginatedMockData.json in Resources */,
				6204713B2BA872B000A529F5 /* MovieDetailsMockData.json in Resources */,
			);
			runOnlyForDeploymentPostprocessing = 0;
		};
		62F9F6212BA5DAFF00E0C3F3 /* Resources */ = {
			isa = PBXResourcesBuildPhase;
			buildActionMask = 2147483647;
			files = (
			);
			runOnlyForDeploymentPostprocessing = 0;
		};
/* End PBXResourcesBuildPhase section */

/* Begin PBXSourcesBuildPhase section */
		62F9F5FF2BA5DAFC00E0C3F3 /* Sources */ = {
			isa = PBXSourcesBuildPhase;
			buildActionMask = 2147483647;
			files = (
				620471172BA84A4A00A529F5 /* MovieDetailsViewModel.swift in Sources */,
				620470F92BA83E5A00A529F5 /* NowPlayingMoviesViewController+UI.swift in Sources */,
				620470962BA7874F00A529F5 /* UpcomingMoviesViewController+UI.swift in Sources */,
				620470C52BA828B500A529F5 /* PopularMoviesViewController.swift in Sources */,
				620470972BA7874F00A529F5 /* UpcomingMoviesViewController.swift in Sources */,
				620470BD2BA8280E00A529F5 /* PopularMoviesPaginatedModel.swift in Sources */,
				627044242BA6D66600FE92E7 /* PopularCoordinator.swift in Sources */,
				620470982BA7874F00A529F5 /* FetchUpcomingMoviesUseCase.swift in Sources */,
				620470CC2BA829D100A529F5 /* PopularMoviesViewModel.swift in Sources */,
				62069FA82BA6B0910094C90B /* APIManager.swift in Sources */,
				6204711D2BA84B4200A529F5 /* MovieDetailsView.swift in Sources */,
				620470EF2BA83DFE00A529F5 /* NowPlayingViewModel.swift in Sources */,
				62069FA62BA6B07D0094C90B /* RequestManager.swift in Sources */,
				62069FB22BA6B1540094C90B /* DataParser.swift in Sources */,
				62F9F63F2BA5DB8C00E0C3F3 /* AppCoordinator.swift in Sources */,
				620470BE2BA8280E00A529F5 /* PopularMovie.swift in Sources */,
				620470C82BA8294800A529F5 /* PopularMoviesViewController+UI.swift in Sources */,
				6204707B2BA7858F00A529F5 /* BaseViewController.swift in Sources */,
				620471162BA84A4A00A529F5 /* FetchMovieDetailsUseCase.swift in Sources */,
				6204707D2BA785FC00A529F5 /* EmptyStateView.swift in Sources */,
				620471152BA84A4A00A529F5 /* MovieDetailsModel.swift in Sources */,
				620470E72BA83D9500A529F5 /* NowPlayingMoviesRepo.swift in Sources */,
				620471212BA8533C00A529F5 /* GenreEntity.swift in Sources */,
				620470C02BA8280E00A529F5 /* FetchPopularMoviesUseCase.swift in Sources */,
				620470BC2BA8280E00A529F5 /* PopularMoviesRepo.swift in Sources */,
				6204712A2BA8610C00A529F5 /* Double+Ext.swift in Sources */,
				6204709B2BA7874F00A529F5 /* UpcomingMoviesPaginatedModel.swift in Sources */,
				62069FAC2BA6B0DE0094C90B /* RequestProtocol.swift in Sources */,
				620470F62BA83E4C00A529F5 /* NowPlayingMoviesViewController.swift in Sources */,
				62F9F6072BA5DAFC00E0C3F3 /* AppDelegate.swift in Sources */,
				620470912BA7874F00A529F5 /* UpcomingMoviesViewModel.swift in Sources */,
				620470FB2BA83E6300A529F5 /* NowPlayingMoviesViewController+TV.swift in Sources */,
				620470932BA7874F00A529F5 /* UpcomingMovieTableViewCell.swift in Sources */,
				620470F22BA83E1300A529F5 /* NowPlayingMovieTableViewCell.swift in Sources */,
				620471142BA84A4A00A529F5 /* MovieDetailsRepo.swift in Sources */,
				620470992BA7874F00A529F5 /* UpcomingMapper.swift in Sources */,
				620471272BA8542000A529F5 /* MovieGenreModel.swift in Sources */,
				620470E82BA83D9500A529F5 /* NowPlayingMoviesPaginatedModel.swift in Sources */,
				6204709C2BA7874F00A529F5 /* UpcomingMoviesRepo.swift in Sources */,
				627044202BA6D63800FE92E7 /* NowPlayingCoordinator.swift in Sources */,
				62069FB82BA6B1CC0094C90B /* MovieRequests.swift in Sources */,
				620470CA2BA8295600A529F5 /* PopularMoviesViewController+TV.swift in Sources */,
				620470BF2BA8280E00A529F5 /* PopularMapper.swift in Sources */,
				6204711B2BA84AD700A529F5 /* MovieDetailsMapper.swift in Sources */,
				62F9F63A2BA5DB5900E0C3F3 /* AppConstants.swift in Sources */,
				62069FB02BA6B12D0094C90B /* APIConstants.swift in Sources */,
				620470782BA7855000A529F5 /* MovieEntity.swift in Sources */,
				627044222BA6D64D00FE92E7 /* UpcomingCoordinator.swift in Sources */,
				620470942BA7874F00A529F5 /* UpcomingMoviesViewController+TV.swift in Sources */,
				62069FAA2BA6B0AE0094C90B /* NetworkRechability.swift in Sources */,
				620470EB2BA83D9500A529F5 /* NowPlayingMapper.swift in Sources */,
				62069FB42BA6B1650094C90B /* NetworkError.swift in Sources */,
				62069FB62BA6B1A80094C90B /* APIsPaths.swift in Sources */,
				620470CF2BA82A6400A529F5 /* PopularMovieTableViewCell.swift in Sources */,
				62F9F6092BA5DAFC00E0C3F3 /* SceneDelegate.swift in Sources */,
				62069FAE2BA6B0ED0094C90B /* RequestType.swift in Sources */,
				6204712D2BA8653C00A529F5 /* EmptyStateSwiftUIView.swift in Sources */,
				620470EA2BA83D9500A529F5 /* FetchNowPlayingMoviesUseCase.swift in Sources */,
				620470762BA7852700A529F5 /* MoviesPaginatedEntity.swift in Sources */,
				6204709A2BA7874F00A529F5 /* UpcomingMovie.swift in Sources */,
				620470E92BA83D9500A529F5 /* NowPlayingMovie.swift in Sources */,
				6204709F2BA7895800A529F5 /* SharedImageCache.swift in Sources */,
			);
			runOnlyForDeploymentPostprocessing = 0;
		};
		62F9F6152BA5DAFF00E0C3F3 /* Sources */ = {
			isa = PBXSourcesBuildPhase;
			buildActionMask = 2147483647;
			files = (
				620471372BA86F4900A529F5 /* MovieDetailsViewModelTests.swift in Sources */,
				620470A72BA78F1600A529F5 /* UpcomingMoviesViewModelTests.swift in Sources */,
				620471312BA86D2600A529F5 /* MockMovieDetailsRepoSuccess.swift in Sources */,
				620470DC2BA832CC00A529F5 /* PopularMoviesViewControllerTests.swift in Sources */,
				620471052BA845E700A529F5 /* MockNowPlayingRepoError.swift in Sources */,
				620470B12BA79C5B00A529F5 /* UpcomingMoviesViewControllerTests.swift in Sources */,
				620471032BA845DB00A529F5 /* MockNowPlayingRepoSuccess.swift in Sources */,
				620470D42BA8313C00A529F5 /* MockPopularMoviesRepoSuccess.swift in Sources */,
				620470AF2BA798E900A529F5 /* MockUpcomingMovieRepoError.swift in Sources */,
				620470FF2BA845BA00A529F5 /* NowPlayingMoviesViewModelTests.swift in Sources */,
				620470D62BA8326300A529F5 /* MockPopularMoviesRepoError.swift in Sources */,
				620471352BA86E4E00A529F5 /* MockMovieDetailsRepoError.swift in Sources */,
				620470A92BA78FB500A529F5 /* MockUpcomingMovieRepoSuccess.swift in Sources */,
				620470DA2BA832B700A529F5 /* PopularMoviesViewModelTests.swift in Sources */,
				620471012BA845C800A529F5 /* NowPlayingMoviesViewControllerTests.swift in Sources */,
			);
			runOnlyForDeploymentPostprocessing = 0;
		};
		62F9F61F2BA5DAFF00E0C3F3 /* Sources */ = {
			isa = PBXSourcesBuildPhase;
			buildActionMask = 2147483647;
			files = (
				620471432BA87F4700A529F5 /* PopularMoviesUITests.swift in Sources */,
				6204713F2BA874A500A529F5 /* UpcomingMoviesUITests.swift in Sources */,
				62F9F62A2BA5DAFF00E0C3F3 /* BMCinemaUITestsLaunchTests.swift in Sources */,
				620471412BA87EA900A529F5 /* NowPlayingMoviesUITests.swift in Sources */,
			);
			runOnlyForDeploymentPostprocessing = 0;
		};
/* End PBXSourcesBuildPhase section */

/* Begin PBXTargetDependency section */
		62F9F61B2BA5DAFF00E0C3F3 /* PBXTargetDependency */ = {
			isa = PBXTargetDependency;
			target = 62F9F6022BA5DAFC00E0C3F3 /* BMCinema */;
			targetProxy = 62F9F61A2BA5DAFF00E0C3F3 /* PBXContainerItemProxy */;
		};
		62F9F6252BA5DAFF00E0C3F3 /* PBXTargetDependency */ = {
			isa = PBXTargetDependency;
			target = 62F9F6022BA5DAFC00E0C3F3 /* BMCinema */;
			targetProxy = 62F9F6242BA5DAFF00E0C3F3 /* PBXContainerItemProxy */;
		};
/* End PBXTargetDependency section */

/* Begin PBXVariantGroup section */
		62F9F6112BA5DAFF00E0C3F3 /* LaunchScreen.storyboard */ = {
			isa = PBXVariantGroup;
			children = (
				62F9F6122BA5DAFF00E0C3F3 /* Base */,
			);
			name = LaunchScreen.storyboard;
			sourceTree = "<group>";
		};
/* End PBXVariantGroup section */

/* Begin XCBuildConfiguration section */
		62F9F62B2BA5DAFF00E0C3F3 /* Debug */ = {
			isa = XCBuildConfiguration;
			buildSettings = {
				ALWAYS_SEARCH_USER_PATHS = NO;
				ASSETCATALOG_COMPILER_GENERATE_SWIFT_ASSET_SYMBOL_EXTENSIONS = YES;
				CLANG_ANALYZER_NONNULL = YES;
				CLANG_ANALYZER_NUMBER_OBJECT_CONVERSION = YES_AGGRESSIVE;
				CLANG_CXX_LANGUAGE_STANDARD = "gnu++20";
				CLANG_ENABLE_MODULES = YES;
				CLANG_ENABLE_OBJC_ARC = YES;
				CLANG_ENABLE_OBJC_WEAK = YES;
				CLANG_WARN_BLOCK_CAPTURE_AUTORELEASING = YES;
				CLANG_WARN_BOOL_CONVERSION = YES;
				CLANG_WARN_COMMA = YES;
				CLANG_WARN_CONSTANT_CONVERSION = YES;
				CLANG_WARN_DEPRECATED_OBJC_IMPLEMENTATIONS = YES;
				CLANG_WARN_DIRECT_OBJC_ISA_USAGE = YES_ERROR;
				CLANG_WARN_DOCUMENTATION_COMMENTS = YES;
				CLANG_WARN_EMPTY_BODY = YES;
				CLANG_WARN_ENUM_CONVERSION = YES;
				CLANG_WARN_INFINITE_RECURSION = YES;
				CLANG_WARN_INT_CONVERSION = YES;
				CLANG_WARN_NON_LITERAL_NULL_CONVERSION = YES;
				CLANG_WARN_OBJC_IMPLICIT_RETAIN_SELF = YES;
				CLANG_WARN_OBJC_LITERAL_CONVERSION = YES;
				CLANG_WARN_OBJC_ROOT_CLASS = YES_ERROR;
				CLANG_WARN_QUOTED_INCLUDE_IN_FRAMEWORK_HEADER = YES;
				CLANG_WARN_RANGE_LOOP_ANALYSIS = YES;
				CLANG_WARN_STRICT_PROTOTYPES = YES;
				CLANG_WARN_SUSPICIOUS_MOVE = YES;
				CLANG_WARN_UNGUARDED_AVAILABILITY = YES_AGGRESSIVE;
				CLANG_WARN_UNREACHABLE_CODE = YES;
				CLANG_WARN__DUPLICATE_METHOD_MATCH = YES;
				COPY_PHASE_STRIP = NO;
				DEBUG_INFORMATION_FORMAT = dwarf;
				ENABLE_STRICT_OBJC_MSGSEND = YES;
				ENABLE_TESTABILITY = YES;
				ENABLE_USER_SCRIPT_SANDBOXING = YES;
				GCC_C_LANGUAGE_STANDARD = gnu17;
				GCC_DYNAMIC_NO_PIC = NO;
				GCC_NO_COMMON_BLOCKS = YES;
				GCC_OPTIMIZATION_LEVEL = 0;
				GCC_PREPROCESSOR_DEFINITIONS = (
					"DEBUG=1",
					"$(inherited)",
				);
				GCC_WARN_64_TO_32_BIT_CONVERSION = YES;
				GCC_WARN_ABOUT_RETURN_TYPE = YES_ERROR;
				GCC_WARN_UNDECLARED_SELECTOR = YES;
				GCC_WARN_UNINITIALIZED_AUTOS = YES_AGGRESSIVE;
				GCC_WARN_UNUSED_FUNCTION = YES;
				GCC_WARN_UNUSED_VARIABLE = YES;
				IPHONEOS_DEPLOYMENT_TARGET = 17.2;
				LOCALIZATION_PREFERS_STRING_CATALOGS = YES;
				MTL_ENABLE_DEBUG_INFO = INCLUDE_SOURCE;
				MTL_FAST_MATH = YES;
				ONLY_ACTIVE_ARCH = YES;
				SDKROOT = iphoneos;
				SWIFT_ACTIVE_COMPILATION_CONDITIONS = "DEBUG $(inherited)";
				SWIFT_OPTIMIZATION_LEVEL = "-Onone";
			};
			name = Debug;
		};
		62F9F62C2BA5DAFF00E0C3F3 /* Release */ = {
			isa = XCBuildConfiguration;
			buildSettings = {
				ALWAYS_SEARCH_USER_PATHS = NO;
				ASSETCATALOG_COMPILER_GENERATE_SWIFT_ASSET_SYMBOL_EXTENSIONS = YES;
				CLANG_ANALYZER_NONNULL = YES;
				CLANG_ANALYZER_NUMBER_OBJECT_CONVERSION = YES_AGGRESSIVE;
				CLANG_CXX_LANGUAGE_STANDARD = "gnu++20";
				CLANG_ENABLE_MODULES = YES;
				CLANG_ENABLE_OBJC_ARC = YES;
				CLANG_ENABLE_OBJC_WEAK = YES;
				CLANG_WARN_BLOCK_CAPTURE_AUTORELEASING = YES;
				CLANG_WARN_BOOL_CONVERSION = YES;
				CLANG_WARN_COMMA = YES;
				CLANG_WARN_CONSTANT_CONVERSION = YES;
				CLANG_WARN_DEPRECATED_OBJC_IMPLEMENTATIONS = YES;
				CLANG_WARN_DIRECT_OBJC_ISA_USAGE = YES_ERROR;
				CLANG_WARN_DOCUMENTATION_COMMENTS = YES;
				CLANG_WARN_EMPTY_BODY = YES;
				CLANG_WARN_ENUM_CONVERSION = YES;
				CLANG_WARN_INFINITE_RECURSION = YES;
				CLANG_WARN_INT_CONVERSION = YES;
				CLANG_WARN_NON_LITERAL_NULL_CONVERSION = YES;
				CLANG_WARN_OBJC_IMPLICIT_RETAIN_SELF = YES;
				CLANG_WARN_OBJC_LITERAL_CONVERSION = YES;
				CLANG_WARN_OBJC_ROOT_CLASS = YES_ERROR;
				CLANG_WARN_QUOTED_INCLUDE_IN_FRAMEWORK_HEADER = YES;
				CLANG_WARN_RANGE_LOOP_ANALYSIS = YES;
				CLANG_WARN_STRICT_PROTOTYPES = YES;
				CLANG_WARN_SUSPICIOUS_MOVE = YES;
				CLANG_WARN_UNGUARDED_AVAILABILITY = YES_AGGRESSIVE;
				CLANG_WARN_UNREACHABLE_CODE = YES;
				CLANG_WARN__DUPLICATE_METHOD_MATCH = YES;
				COPY_PHASE_STRIP = NO;
				DEBUG_INFORMATION_FORMAT = "dwarf-with-dsym";
				ENABLE_NS_ASSERTIONS = NO;
				ENABLE_STRICT_OBJC_MSGSEND = YES;
				ENABLE_USER_SCRIPT_SANDBOXING = YES;
				GCC_C_LANGUAGE_STANDARD = gnu17;
				GCC_NO_COMMON_BLOCKS = YES;
				GCC_WARN_64_TO_32_BIT_CONVERSION = YES;
				GCC_WARN_ABOUT_RETURN_TYPE = YES_ERROR;
				GCC_WARN_UNDECLARED_SELECTOR = YES;
				GCC_WARN_UNINITIALIZED_AUTOS = YES_AGGRESSIVE;
				GCC_WARN_UNUSED_FUNCTION = YES;
				GCC_WARN_UNUSED_VARIABLE = YES;
				IPHONEOS_DEPLOYMENT_TARGET = 17.2;
				LOCALIZATION_PREFERS_STRING_CATALOGS = YES;
				MTL_ENABLE_DEBUG_INFO = NO;
				MTL_FAST_MATH = YES;
				SDKROOT = iphoneos;
				SWIFT_COMPILATION_MODE = wholemodule;
				VALIDATE_PRODUCT = YES;
			};
			name = Release;
		};
		62F9F62E2BA5DAFF00E0C3F3 /* Debug */ = {
			isa = XCBuildConfiguration;
			buildSettings = {
				ASSETCATALOG_COMPILER_APPICON_NAME = AppIcon;
				ASSETCATALOG_COMPILER_GLOBAL_ACCENT_COLOR_NAME = AccentColor;
				CODE_SIGN_STYLE = Automatic;
				CURRENT_PROJECT_VERSION = 1;
				DEVELOPMENT_TEAM = W6653Q43K8;
				GENERATE_INFOPLIST_FILE = YES;
				INFOPLIST_FILE = BMCinema/Resources/Info.plist;
				INFOPLIST_KEY_UIApplicationSupportsIndirectInputEvents = YES;
				INFOPLIST_KEY_UILaunchStoryboardName = LaunchScreen;
				INFOPLIST_KEY_UISupportedInterfaceOrientations = UIInterfaceOrientationPortrait;
				INFOPLIST_KEY_UISupportedInterfaceOrientations_iPad = "UIInterfaceOrientationLandscapeLeft UIInterfaceOrientationLandscapeRight UIInterfaceOrientationPortrait UIInterfaceOrientationPortraitUpsideDown";
				LD_RUNPATH_SEARCH_PATHS = (
					"$(inherited)",
					"@executable_path/Frameworks",
				);
				MARKETING_VERSION = 1.0;
				PRODUCT_BUNDLE_IDENTIFIER = banquemisr.challenge05.BMCinema;
				PRODUCT_NAME = "$(TARGET_NAME)";
				SWIFT_EMIT_LOC_STRINGS = YES;
				SWIFT_VERSION = 5.0;
				TARGETED_DEVICE_FAMILY = "1,2";
			};
			name = Debug;
		};
		62F9F62F2BA5DAFF00E0C3F3 /* Release */ = {
			isa = XCBuildConfiguration;
			buildSettings = {
				ASSETCATALOG_COMPILER_APPICON_NAME = AppIcon;
				ASSETCATALOG_COMPILER_GLOBAL_ACCENT_COLOR_NAME = AccentColor;
				CODE_SIGN_STYLE = Automatic;
				CURRENT_PROJECT_VERSION = 1;
				DEVELOPMENT_TEAM = W6653Q43K8;
				GENERATE_INFOPLIST_FILE = YES;
				INFOPLIST_FILE = BMCinema/Resources/Info.plist;
				INFOPLIST_KEY_UIApplicationSupportsIndirectInputEvents = YES;
				INFOPLIST_KEY_UILaunchStoryboardName = LaunchScreen;
				INFOPLIST_KEY_UISupportedInterfaceOrientations = UIInterfaceOrientationPortrait;
				INFOPLIST_KEY_UISupportedInterfaceOrientations_iPad = "UIInterfaceOrientationLandscapeLeft UIInterfaceOrientationLandscapeRight UIInterfaceOrientationPortrait UIInterfaceOrientationPortraitUpsideDown";
				LD_RUNPATH_SEARCH_PATHS = (
					"$(inherited)",
					"@executable_path/Frameworks",
				);
				MARKETING_VERSION = 1.0;
				PRODUCT_BUNDLE_IDENTIFIER = banquemisr.challenge05.BMCinema;
				PRODUCT_NAME = "$(TARGET_NAME)";
				SWIFT_EMIT_LOC_STRINGS = YES;
				SWIFT_VERSION = 5.0;
				TARGETED_DEVICE_FAMILY = "1,2";
			};
			name = Release;
		};
		62F9F6312BA5DAFF00E0C3F3 /* Debug */ = {
			isa = XCBuildConfiguration;
			buildSettings = {
				ALWAYS_EMBED_SWIFT_STANDARD_LIBRARIES = YES;
				BUNDLE_LOADER = "$(TEST_HOST)";
				CLANG_ENABLE_MODULES = YES;
				CODE_SIGN_STYLE = Automatic;
				CURRENT_PROJECT_VERSION = 1;
				DEVELOPMENT_TEAM = W6653Q43K8;
				GENERATE_INFOPLIST_FILE = YES;
				IPHONEOS_DEPLOYMENT_TARGET = 17.2;
				MARKETING_VERSION = 1.0;
				PRODUCT_BUNDLE_IDENTIFIER = banquemisr.challenge05.BMCinemaTests;
				PRODUCT_NAME = "$(TARGET_NAME)";
				SWIFT_EMIT_LOC_STRINGS = NO;
				SWIFT_OPTIMIZATION_LEVEL = "-Onone";
				SWIFT_VERSION = 5.0;
				TARGETED_DEVICE_FAMILY = "1,2";
				TEST_HOST = "$(BUILT_PRODUCTS_DIR)/BMCinema.app/$(BUNDLE_EXECUTABLE_FOLDER_PATH)/BMCinema";
			};
			name = Debug;
		};
		62F9F6322BA5DAFF00E0C3F3 /* Release */ = {
			isa = XCBuildConfiguration;
			buildSettings = {
				ALWAYS_EMBED_SWIFT_STANDARD_LIBRARIES = YES;
				BUNDLE_LOADER = "$(TEST_HOST)";
				CLANG_ENABLE_MODULES = YES;
				CODE_SIGN_STYLE = Automatic;
				CURRENT_PROJECT_VERSION = 1;
				DEVELOPMENT_TEAM = W6653Q43K8;
				GENERATE_INFOPLIST_FILE = YES;
				IPHONEOS_DEPLOYMENT_TARGET = 17.2;
				MARKETING_VERSION = 1.0;
				PRODUCT_BUNDLE_IDENTIFIER = banquemisr.challenge05.BMCinemaTests;
				PRODUCT_NAME = "$(TARGET_NAME)";
				SWIFT_EMIT_LOC_STRINGS = NO;
				SWIFT_VERSION = 5.0;
				TARGETED_DEVICE_FAMILY = "1,2";
				TEST_HOST = "$(BUILT_PRODUCTS_DIR)/BMCinema.app/$(BUNDLE_EXECUTABLE_FOLDER_PATH)/BMCinema";
			};
			name = Release;
		};
		62F9F6342BA5DAFF00E0C3F3 /* Debug */ = {
			isa = XCBuildConfiguration;
			buildSettings = {
				ALWAYS_EMBED_SWIFT_STANDARD_LIBRARIES = YES;
				CODE_SIGN_STYLE = Automatic;
				CURRENT_PROJECT_VERSION = 1;
				DEVELOPMENT_TEAM = W6653Q43K8;
				GENERATE_INFOPLIST_FILE = YES;
				MARKETING_VERSION = 1.0;
				PRODUCT_BUNDLE_IDENTIFIER = banquemisr.challenge05.BMCinemaUITests;
				PRODUCT_NAME = "$(TARGET_NAME)";
				SWIFT_EMIT_LOC_STRINGS = NO;
				SWIFT_VERSION = 5.0;
				TARGETED_DEVICE_FAMILY = "1,2";
				TEST_TARGET_NAME = BMCinema;
			};
			name = Debug;
		};
		62F9F6352BA5DAFF00E0C3F3 /* Release */ = {
			isa = XCBuildConfiguration;
			buildSettings = {
				ALWAYS_EMBED_SWIFT_STANDARD_LIBRARIES = YES;
				CODE_SIGN_STYLE = Automatic;
				CURRENT_PROJECT_VERSION = 1;
				DEVELOPMENT_TEAM = W6653Q43K8;
				GENERATE_INFOPLIST_FILE = YES;
				MARKETING_VERSION = 1.0;
				PRODUCT_BUNDLE_IDENTIFIER = banquemisr.challenge05.BMCinemaUITests;
				PRODUCT_NAME = "$(TARGET_NAME)";
				SWIFT_EMIT_LOC_STRINGS = NO;
				SWIFT_VERSION = 5.0;
				TARGETED_DEVICE_FAMILY = "1,2";
				TEST_TARGET_NAME = BMCinema;
			};
			name = Release;
		};
/* End XCBuildConfiguration section */

/* Begin XCConfigurationList section */
		62F9F5FE2BA5DAFC00E0C3F3 /* Build configuration list for PBXProject "BMCinema" */ = {
			isa = XCConfigurationList;
			buildConfigurations = (
				62F9F62B2BA5DAFF00E0C3F3 /* Debug */,
				62F9F62C2BA5DAFF00E0C3F3 /* Release */,
			);
			defaultConfigurationIsVisible = 0;
			defaultConfigurationName = Release;
		};
		62F9F62D2BA5DAFF00E0C3F3 /* Build configuration list for PBXNativeTarget "BMCinema" */ = {
			isa = XCConfigurationList;
			buildConfigurations = (
				62F9F62E2BA5DAFF00E0C3F3 /* Debug */,
				62F9F62F2BA5DAFF00E0C3F3 /* Release */,
			);
			defaultConfigurationIsVisible = 0;
			defaultConfigurationName = Release;
		};
		62F9F6302BA5DAFF00E0C3F3 /* Build configuration list for PBXNativeTarget "BMCinemaTests" */ = {
			isa = XCConfigurationList;
			buildConfigurations = (
				62F9F6312BA5DAFF00E0C3F3 /* Debug */,
				62F9F6322BA5DAFF00E0C3F3 /* Release */,
			);
			defaultConfigurationIsVisible = 0;
			defaultConfigurationName = Release;
		};
		62F9F6332BA5DAFF00E0C3F3 /* Build configuration list for PBXNativeTarget "BMCinemaUITests" */ = {
			isa = XCConfigurationList;
			buildConfigurations = (
				62F9F6342BA5DAFF00E0C3F3 /* Debug */,
				62F9F6352BA5DAFF00E0C3F3 /* Release */,
			);
			defaultConfigurationIsVisible = 0;
			defaultConfigurationName = Release;
		};
/* End XCConfigurationList section */
	};
	rootObject = 62F9F5FB2BA5DAFC00E0C3F3 /* Project object */;
}
